
Microsoft Visual Studio Solution File, Format Version 12.00
# Visual Studio 15
VisualStudioVersion = 15.0.27130.2010
MinimumVisualStudioVersion = 10.0.40219.1
Project("{8BC9CEB8-8B4A-11D0-8D11-00A0C91BC942}") = "作业", "练习\练习.vcxproj", "{B886D6C5-72FA-431C-9473-37FF988CFDC1}"
EndProject
Project("{8BC9CEB8-8B4A-11D0-8D11-00A0C91BC942}") = "ID1002", "ID1002\ID1002.vcxproj", "{060DB242-A5BD-4993-8BA9-D9B48CC63F2A}"
EndProject
Project("{8BC9CEB8-8B4A-11D0-8D11-00A0C91BC942}") = "ID1003", "ID1003\ID1003.vcxproj", "{68333F0D-2DDC-4E58-A94E-652F5BC5B1A4}"
EndProject
Project("{8BC9CEB8-8B4A-11D0-8D11-00A0C91BC942}") = "ID1004", "ID1004\ID1004.vcxproj", "{4A62C7D8-4F71-4F2E-88FC-8F923B97317C}"
EndProject
Project("{8BC9CEB8-8B4A-11D0-8D11-00A0C91BC942}") = "ID1005", "ID1005\ID1005.vcxproj", "{104C7DE2-4364-4351-B6EC-B46F6FF3E74A}"
EndProject
Project("{8BC9CEB8-8B4A-11D0-8D11-00A0C91BC942}") = "ID1006", "ID1006\ID1006.vcxproj", "{8F0DE4DC-09BB-4448-B4BB-07BCDA706684}"
EndProject
Project("{8BC9CEB8-8B4A-11D0-8D11-00A0C91BC942}") = "ID1007", "ID1007\ID1007.vcxproj", "{DAB7E15B-EB1B-4165-8269-3A9B9ED9A94D}"
EndProject
Project("{8BC9CEB8-8B4A-11D0-8D11-00A0C91BC942}") = "ID1008", "ID1008\ID1008.vcxproj", "{AA3338ED-678E-41BE-9268-937A420D6950}"
EndProject
Project("{8BC9CEB8-8B4A-11D0-8D11-00A0C91BC942}") = "ID1009", "ID1009\ID1009.vcxproj", "{7177D070-3965-4EF0-A5D2-5BD4840F2757}"
EndProject
Project("{8BC9CEB8-8B4A-11D0-8D11-00A0C91BC942}") = "ID1010", "ID1010\ID1010.vcxproj", "{47D6C65E-9891-4C6A-B53E-E1D5475DE730}"
EndProject
Project("{8BC9CEB8-8B4A-11D0-8D11-00A0C91BC942}") = "ID1011", "ID1011\ID1011.vcxproj", "{85EDD5E5-16D5-4ABE-BA34-565A01C6951F}"
EndProject
Project("{8BC9CEB8-8B4A-11D0-8D11-00A0C91BC942}") = "ID1012", "ID1012\ID1012.vcxproj", "{C767743F-74DD-4493-A267-08F174F8720C}"
EndProject
Project("{8BC9CEB8-8B4A-11D0-8D11-00A0C91BC942}") = "ID1013", "ID1013\ID1013.vcxproj", "{6BC61A58-2A64-4B77-8362-15BDB0AC7E75}"
EndProject
Project("{8BC9CEB8-8B4A-11D0-8D11-00A0C91BC942}") = "ID1014", "ID1014\ID1014.vcxproj", "{B5DA25D4-FCC0-4153-9E7B-DCAF099B9FB4}"
EndProject
Project("{8BC9CEB8-8B4A-11D0-8D11-00A0C91BC942}") = "ID1015", "ID1015\ID1015.vcxproj", "{F1CFB7EF-669D-46F5-9B79-9AE364190F07}"
EndProject
Project("{8BC9CEB8-8B4A-11D0-8D11-00A0C91BC942}") = "ID1016", "ID1016\ID1016.vcxproj", "{34AD08C2-768B-4382-9920-8CAE2684D6FE}"
EndProject
Project("{8BC9CEB8-8B4A-11D0-8D11-00A0C91BC942}") = "ID1017", "ID1017\ID1017.vcxproj", "{41ECA02E-A9C0-4E35-B9A4-604144CA81AD}"
EndProject
Project("{8BC9CEB8-8B4A-11D0-8D11-00A0C91BC942}") = "ID1018", "ID1018\ID1018.vcxproj", "{1D6ED00C-22E4-401E-85B9-BCCDD2DDA87B}"
EndProject
Project("{8BC9CEB8-8B4A-11D0-8D11-00A0C91BC942}") = "ID1019", "ID1019\ID1019.vcxproj", "{AA46F690-711D-4AEF-A32D-28C6EFD89CA9}"
EndProject
Project("{8BC9CEB8-8B4A-11D0-8D11-00A0C91BC942}") = "ID1020", "ID1020\ID1020.vcxproj", "{B0094CFE-691C-45DA-ADF0-FC3BFA682731}"
EndProject
Project("{8BC9CEB8-8B4A-11D0-8D11-00A0C91BC942}") = "ID1021", "ID1021\ID1021.vcxproj", "{07071A6A-08A2-4650-9553-671F48ABBBBD}"
EndProject
Project("{8BC9CEB8-8B4A-11D0-8D11-00A0C91BC942}") = "ID1022", "ID1022\ID1022.vcxproj", "{ED26FBA5-B988-4261-A592-73DFFD672A32}"
EndProject
Project("{8BC9CEB8-8B4A-11D0-8D11-00A0C91BC942}") = "ID1023", "ID1023\ID1023.vcxproj", "{1BFC1493-10BA-4A22-B4BF-F7AD26A90530}"
EndProject
Project("{8BC9CEB8-8B4A-11D0-8D11-00A0C91BC942}") = "ID1025", "ID1025\ID1025.vcxproj", "{418B760F-4B46-4FC1-AD3E-0A25D4204A10}"
EndProject
Project("{8BC9CEB8-8B4A-11D0-8D11-00A0C91BC942}") = "ID1026", "ID1026\ID1026.vcxproj", "{E3BF59FF-1249-4BE0-9F35-89866472DC19}"
EndProject
Project("{8BC9CEB8-8B4A-11D0-8D11-00A0C91BC942}") = "ID1027", "ID1027\ID1027.vcxproj", "{A0A2E9C4-CAA9-4A4D-B2FD-D695FBA68C65}"
EndProject
Project("{8BC9CEB8-8B4A-11D0-8D11-00A0C91BC942}") = "ID1028", "ID1028\ID1028.vcxproj", "{277D8A2F-AE27-491C-9E34-C0DB9F2A2DBC}"
EndProject
Project("{8BC9CEB8-8B4A-11D0-8D11-00A0C91BC942}") = "ID1024", "ID1024\ID1024.vcxproj", "{42DE7794-816C-4578-BB40-CC174EA2365A}"
EndProject
Project("{8BC9CEB8-8B4A-11D0-8D11-00A0C91BC942}") = "ID1029", "ID1029\ID1029.vcxproj", "{E1BD8C44-D8EC-4794-8BC7-3203E66745E5}"
EndProject
Project("{8BC9CEB8-8B4A-11D0-8D11-00A0C91BC942}") = "temp", "temp\temp.vcxproj", "{91B1F8ED-F876-4DBB-A2B6-FDA080556D76}"
EndProject
Project("{8BC9CEB8-8B4A-11D0-8D11-00A0C91BC942}") = "HDU1000", "HDU1000\HDU1000.vcxproj", "{E7A42CEB-1855-4652-A81B-ED2127D82637}"
EndProject
Project("{8BC9CEB8-8B4A-11D0-8D11-00A0C91BC942}") = "HDU1001", "HDU1001\HDU1001.vcxproj", "{BEB01D4D-34D7-4AE5-ABBB-AF1AA4CB59A7}"
EndProject
Project("{8BC9CEB8-8B4A-11D0-8D11-00A0C91BC942}") = "HDU1002", "HDU1002\HDU1002.vcxproj", "{02C623EE-8F48-4132-8979-802354206709}"
EndProject
Project("{8BC9CEB8-8B4A-11D0-8D11-00A0C91BC942}") = "ID1030", "ID1030\ID1030.vcxproj", "{F5E0F4A5-4BA8-49F3-A285-9EDBAB0B525B}"
EndProject
Project("{8BC9CEB8-8B4A-11D0-8D11-00A0C91BC942}") = "ID1031", "ID1031\ID1031.vcxproj", "{5FCE0B04-E946-4310-8EA4-052EDB6C6AC7}"
EndProject
Project("{8BC9CEB8-8B4A-11D0-8D11-00A0C91BC942}") = "ID1032", "ID1032\ID1032.vcxproj", "{311F1E7C-14D8-41D2-B068-19F87E072261}"
EndProject
Project("{8BC9CEB8-8B4A-11D0-8D11-00A0C91BC942}") = "ID1033", "ID1033\ID1033.vcxproj", "{23C55D72-8BDD-4C40-8B1B-8CD5BA2EA310}"
EndProject
Project("{8BC9CEB8-8B4A-11D0-8D11-00A0C91BC942}") = "ID1034", "ID1034\ID1034.vcxproj", "{D0367278-C432-491F-8DD0-ABDEA19DB68C}"
EndProject
Project("{8BC9CEB8-8B4A-11D0-8D11-00A0C91BC942}") = "ID1035", "ID1035\ID1035.vcxproj", "{52BD5B21-F736-4AA9-90C7-115B9F833992}"
EndProject
Project("{8BC9CEB8-8B4A-11D0-8D11-00A0C91BC942}") = "ID1036", "ID1036\ID1036.vcxproj", "{0AA196C4-AA7A-4AC7-9773-680D42F8B566}"
EndProject
Project("{8BC9CEB8-8B4A-11D0-8D11-00A0C91BC942}") = "ID1037", "ID1037\ID1037.vcxproj", "{DEDA92AE-DCB7-4830-8218-B98CB29435E3}"
EndProject
Project("{8BC9CEB8-8B4A-11D0-8D11-00A0C91BC942}") = "ID1038", "ID1038\ID1038.vcxproj", "{61A19BD1-57EA-4206-BE3D-85D813F8ACE2}"
EndProject
Project("{8BC9CEB8-8B4A-11D0-8D11-00A0C91BC942}") = "ID1039", "ID1039\ID1039.vcxproj", "{F1D8C55E-77F7-44CA-8548-7B34602CB4FF}"
EndProject
Project("{8BC9CEB8-8B4A-11D0-8D11-00A0C91BC942}") = "ID1041", "ID1041\ID1041.vcxproj", "{D86E68CF-9773-424B-A95C-CAF129FC4EBA}"
EndProject
Project("{8BC9CEB8-8B4A-11D0-8D11-00A0C91BC942}") = "ID1044", "ID1044\ID1044.vcxproj", "{1366C31B-A659-45C5-B3E2-23A36643E9AC}"
EndProject
Project("{8BC9CEB8-8B4A-11D0-8D11-00A0C91BC942}") = "ID1045", "ID1045\ID1045.vcxproj", "{F3D8D815-3BD9-461F-811C-811F7251138B}"
EndProject
Project("{8BC9CEB8-8B4A-11D0-8D11-00A0C91BC942}") = "ID1046", "ID1046\ID1046.vcxproj", "{5A4D43F7-5BE0-49DF-9F29-379D82BEC53B}"
EndProject
Project("{8BC9CEB8-8B4A-11D0-8D11-00A0C91BC942}") = "ID1047", "ID1047\ID1047.vcxproj", "{B89A3164-C8BE-4EB4-A092-E13583208EC1}"
EndProject
Project("{8BC9CEB8-8B4A-11D0-8D11-00A0C91BC942}") = "ID1048", "ID1048\ID1048.vcxproj", "{B5925008-3989-4074-8060-345CF1ABCE10}"
EndProject
Project("{8BC9CEB8-8B4A-11D0-8D11-00A0C91BC942}") = "ID1051", "ID1051\ID1051.vcxproj", "{E53DBD51-C5F4-4AB3-B81F-E3515833312A}"
EndProject
Project("{8BC9CEB8-8B4A-11D0-8D11-00A0C91BC942}") = "ID1052", "ID1052\ID1052.vcxproj", "{70B069E5-2F8A-4FC9-AF67-4B1DF84584CB}"
EndProject
Project("{8BC9CEB8-8B4A-11D0-8D11-00A0C91BC942}") = "ID1053", "ID1053\ID1053.vcxproj", "{0D8B3791-4BED-4ECF-8031-E4F99EDB8F26}"
EndProject
Project("{8BC9CEB8-8B4A-11D0-8D11-00A0C91BC942}") = "ID1054", "ID1054\ID1054.vcxproj", "{2F6681AE-0946-4095-BB42-548B14B63633}"
EndProject
Project("{8BC9CEB8-8B4A-11D0-8D11-00A0C91BC942}") = "ID1055", "ID1055\ID1055.vcxproj", "{F49D1572-1CD8-4734-B7CE-B899E2351C5C}"
EndProject
Project("{8BC9CEB8-8B4A-11D0-8D11-00A0C91BC942}") = "ID1056", "ID1056\ID1056.vcxproj", "{9E5F4E3F-3BC6-4514-8940-DEE9A6803BDF}"
EndProject
Project("{8BC9CEB8-8B4A-11D0-8D11-00A0C91BC942}") = "ID1057", "ID1057\ID1057.vcxproj", "{46E71CE1-E83A-4EEB-B44E-D9F2C71601DB}"
EndProject
Project("{8BC9CEB8-8B4A-11D0-8D11-00A0C91BC942}") = "ID1058", "ID1058\ID1058.vcxproj", "{F95809DC-E734-4BE5-86BE-3B07AD39E0E4}"
EndProject
Project("{8BC9CEB8-8B4A-11D0-8D11-00A0C91BC942}") = "ID1060", "ID1060\ID1060.vcxproj", "{D98A07D8-A5D9-42D5-9319-27383F6C1481}"
EndProject
Project("{8BC9CEB8-8B4A-11D0-8D11-00A0C91BC942}") = "ID1061", "ID1061\ID1061.vcxproj", "{0F8661D0-E2C0-466E-AB83-7314241D682C}"
EndProject
Project("{8BC9CEB8-8B4A-11D0-8D11-00A0C91BC942}") = "ID1062", "ID1062\ID1062.vcxproj", "{9D913B93-53C4-44C6-9AA8-C0F89393F236}"
EndProject
Project("{8BC9CEB8-8B4A-11D0-8D11-00A0C91BC942}") = "ID1063", "ID1063\ID1063.vcxproj", "{04B04505-D521-4129-8B91-5705EE49F860}"
EndProject
Project("{8BC9CEB8-8B4A-11D0-8D11-00A0C91BC942}") = "ID1064", "ID1064\ID1064.vcxproj", "{AB7A5F3A-5DBD-4368-A48D-4836AC0F685F}"
EndProject
Project("{8BC9CEB8-8B4A-11D0-8D11-00A0C91BC942}") = "ID1065", "ID1065\ID1065.vcxproj", "{E0917316-8406-44D8-A503-509A5B2E5B13}"
EndProject
Project("{8BC9CEB8-8B4A-11D0-8D11-00A0C91BC942}") = "ID1066", "ID1066\ID1066.vcxproj", "{3076E59B-559F-4304-B487-CAD8052E3F9D}"
EndProject
Project("{8BC9CEB8-8B4A-11D0-8D11-00A0C91BC942}") = "ID1071", "ID1071\ID1071.vcxproj", "{3966336E-4D0C-4954-A035-8AB93505AFF8}"
EndProject
Project("{8BC9CEB8-8B4A-11D0-8D11-00A0C91BC942}") = "ID1072", "ID1072\ID1072.vcxproj", "{8FA1283D-83D7-4E95-B556-4A694BE9F8BB}"
EndProject
Project("{8BC9CEB8-8B4A-11D0-8D11-00A0C91BC942}") = "ID1073", "ID1073\ID1073.vcxproj", "{662B362B-780C-4F5E-9BF2-B11DF151DF32}"
EndProject
Project("{8BC9CEB8-8B4A-11D0-8D11-00A0C91BC942}") = "ID1076", "ID1076\ID1076.vcxproj", "{C68110DE-501D-4350-BAB9-4221C77A1D98}"
EndProject
Project("{8BC9CEB8-8B4A-11D0-8D11-00A0C91BC942}") = "ID1077", "ID1077\ID1077.vcxproj", "{1D2B63EE-51D9-48E9-87E9-41E497B357B1}"
EndProject
Project("{8BC9CEB8-8B4A-11D0-8D11-00A0C91BC942}") = "ID1078", "ID1078\ID1078.vcxproj", "{92D80F0F-4197-44D2-926E-B53202D64C9E}"
EndProject
Project("{8BC9CEB8-8B4A-11D0-8D11-00A0C91BC942}") = "ID1079", "ID1079\ID1079.vcxproj", "{027AFF1B-3480-42CC-BAED-F7FD28413BA0}"
EndProject
Project("{8BC9CEB8-8B4A-11D0-8D11-00A0C91BC942}") = "ID1085", "ID1085\ID1085.vcxproj", "{F4C4CAA5-E326-4D19-82C7-5E16002CFA0E}"
EndProject
Project("{8BC9CEB8-8B4A-11D0-8D11-00A0C91BC942}") = "ID1067", "ID1067\ID1067.vcxproj", "{00062506-982F-42C2-ABB1-DDF8DC0AC53B}"
EndProject
Project("{8BC9CEB8-8B4A-11D0-8D11-00A0C91BC942}") = "ID1068", "ID1068\ID1068.vcxproj", "{E672249E-F615-44DB-AECB-22CF29009ED6}"
EndProject
Project("{8BC9CEB8-8B4A-11D0-8D11-00A0C91BC942}") = "ID1070", "ID1070\ID1070.vcxproj", "{C98567A7-1E09-417D-8646-A6A6A8AF3B8B}"
EndProject
Project("{8BC9CEB8-8B4A-11D0-8D11-00A0C91BC942}") = "ID1086", "ID1086\ID1086.vcxproj", "{18A6AE4F-37F1-4F73-B259-7EC2B3AC81B2}"
EndProject
Project("{8BC9CEB8-8B4A-11D0-8D11-00A0C91BC942}") = "ID1087", "ID1087\ID1087.vcxproj", "{4E0DACCD-5A4B-40B3-A3C3-CB0D0BE36496}"
EndProject
Project("{8BC9CEB8-8B4A-11D0-8D11-00A0C91BC942}") = "ID1101", "ID1101\ID1101.vcxproj", "{B087CCFD-5C4B-4CEB-A73D-5E5F645495EB}"
EndProject
Project("{8BC9CEB8-8B4A-11D0-8D11-00A0C91BC942}") = "ID1040", "ID1040\ID1040.vcxproj", "{E750158E-0DC3-4BA7-9945-00AD1250A7F9}"
EndProject
Project("{8BC9CEB8-8B4A-11D0-8D11-00A0C91BC942}") = "ID1042", "ID1042\ID1042.vcxproj", "{6837477E-A7A6-464A-B71E-9832FD951BDD}"
EndProject
Project("{8BC9CEB8-8B4A-11D0-8D11-00A0C91BC942}") = "ID1043", "ID1043\ID1043.vcxproj", "{82CB73E9-6DD9-4B47-8A10-94DDE9F42847}"
EndProject
Project("{8BC9CEB8-8B4A-11D0-8D11-00A0C91BC942}") = "ID1049", "ID1049\ID1049.vcxproj", "{C55F52FE-23AC-49E3-A3A0-E14E7340C2B2}"
EndProject
Project("{8BC9CEB8-8B4A-11D0-8D11-00A0C91BC942}") = "ID1050", "ID1050\ID1050.vcxproj", "{D4A45306-D2EA-402F-A41C-D3B7D6F2B9A4}"
EndProject
Project("{8BC9CEB8-8B4A-11D0-8D11-00A0C91BC942}") = "ID1136", "ID1136\ID1136.vcxproj", "{A89508C7-2B2B-485E-93EF-0F459F7DEFE7}"
EndProject
Project("{8BC9CEB8-8B4A-11D0-8D11-00A0C91BC942}") = "ID1278", "ID1278\ID1278.vcxproj", "{B40BD7E2-8096-44A6-AE63-EEF7305380D9}"
EndProject
Project("{8BC9CEB8-8B4A-11D0-8D11-00A0C91BC942}") = "ID1283", "ID1283\ID1283.vcxproj", "{85B9E4E0-9C6F-46E8-9863-6E20516E4831}"
EndProject
Project("{8BC9CEB8-8B4A-11D0-8D11-00A0C91BC942}") = "ID1284", "ID1284\ID1284.vcxproj", "{45DCB3E7-D9BC-4318-8B73-82F7E95D9D07}"
EndProject
Project("{8BC9CEB8-8B4A-11D0-8D11-00A0C91BC942}") = "ID1322", "ID1322\ID1322.vcxproj", "{D8C77B0B-9B2C-4A7C-A3CF-18E4F7F628CB}"
EndProject
Project("{8BC9CEB8-8B4A-11D0-8D11-00A0C91BC942}") = "ID1323", "ID1323\ID1323.vcxproj", "{1BBD4B29-EF5F-4289-A0F8-233195372912}"
EndProject
Project("{8BC9CEB8-8B4A-11D0-8D11-00A0C91BC942}") = "ID1324", "ID1324\ID1324.vcxproj", "{EF128530-CC78-40B5-8DC6-C5CA90ED6FCB}"
EndProject
Project("{8BC9CEB8-8B4A-11D0-8D11-00A0C91BC942}") = "ID1327", "ID1327\ID1327.vcxproj", "{044F71C2-188F-46C2-AFD1-3E0B124E8B84}"
EndProject
Project("{8BC9CEB8-8B4A-11D0-8D11-00A0C91BC942}") = "ID1328", "ID1328\ID1328.vcxproj", "{F87727F1-0BB4-485A-A532-F97917557BEB}"
EndProject
Project("{8BC9CEB8-8B4A-11D0-8D11-00A0C91BC942}") = "ID329", "ID329\ID329.vcxproj", "{5CD7AC63-FA8D-4958-AE48-CC572B0E1106}"
EndProject
Project("{8BC9CEB8-8B4A-11D0-8D11-00A0C91BC942}") = "ID1059", "ID1059\ID1059.vcxproj", "{79E37073-3227-4EC2-9124-B35A5D6D12CE}"
EndProject
Project("{8BC9CEB8-8B4A-11D0-8D11-00A0C91BC942}") = "ID1326", "ID1326\ID1326.vcxproj", "{FEFEEF24-AF4A-4C36-9627-2F750BC2CC5D}"
EndProject
Project("{8BC9CEB8-8B4A-11D0-8D11-00A0C91BC942}") = "ID1325", "ID1325\ID1325.vcxproj", "{879867F4-1BDF-4A9A-91E4-60D8064896BB}"
EndProject
Project("{8BC9CEB8-8B4A-11D0-8D11-00A0C91BC942}") = "test", "test\test.vcxproj", "{E5BF21B6-D688-4755-9B24-31357043387A}"
EndProject
Project("{8BC9CEB8-8B4A-11D0-8D11-00A0C91BC942}") = "ID1075", "ID1075\ID1075.vcxproj", "{6B26D0A4-CDE1-49BF-ABFF-BA24CD169444}"
EndProject
Project("{8BC9CEB8-8B4A-11D0-8D11-00A0C91BC942}") = "ID1282", "ID1282\ID1282.vcxproj", "{3D98D778-841E-4B24-A439-B567F6317F55}"
EndProject
Project("{8BC9CEB8-8B4A-11D0-8D11-00A0C91BC942}") = "ID1348", "ID1348\ID1348.vcxproj", "{08961AEB-5A49-408F-8D5B-9E8DFB19637D}"
EndProject
Global
	GlobalSection(SolutionConfigurationPlatforms) = preSolution
		Debug|x64 = Debug|x64
		Debug|x86 = Debug|x86
		Release|x64 = Release|x64
		Release|x86 = Release|x86
	EndGlobalSection
	GlobalSection(ProjectConfigurationPlatforms) = postSolution
		{B886D6C5-72FA-431C-9473-37FF988CFDC1}.Debug|x64.ActiveCfg = Debug|x64
		{B886D6C5-72FA-431C-9473-37FF988CFDC1}.Debug|x64.Build.0 = Debug|x64
		{B886D6C5-72FA-431C-9473-37FF988CFDC1}.Debug|x86.ActiveCfg = Debug|Win32
		{B886D6C5-72FA-431C-9473-37FF988CFDC1}.Debug|x86.Build.0 = Debug|Win32
		{B886D6C5-72FA-431C-9473-37FF988CFDC1}.Release|x64.ActiveCfg = Release|x64
		{B886D6C5-72FA-431C-9473-37FF988CFDC1}.Release|x64.Build.0 = Release|x64
		{B886D6C5-72FA-431C-9473-37FF988CFDC1}.Release|x86.ActiveCfg = Release|Win32
		{B886D6C5-72FA-431C-9473-37FF988CFDC1}.Release|x86.Build.0 = Release|Win32
		{060DB242-A5BD-4993-8BA9-D9B48CC63F2A}.Debug|x64.ActiveCfg = Debug|x64
		{060DB242-A5BD-4993-8BA9-D9B48CC63F2A}.Debug|x64.Build.0 = Debug|x64
		{060DB242-A5BD-4993-8BA9-D9B48CC63F2A}.Debug|x86.ActiveCfg = Debug|Win32
		{060DB242-A5BD-4993-8BA9-D9B48CC63F2A}.Debug|x86.Build.0 = Debug|Win32
		{060DB242-A5BD-4993-8BA9-D9B48CC63F2A}.Release|x64.ActiveCfg = Release|x64
		{060DB242-A5BD-4993-8BA9-D9B48CC63F2A}.Release|x64.Build.0 = Release|x64
		{060DB242-A5BD-4993-8BA9-D9B48CC63F2A}.Release|x86.ActiveCfg = Release|Win32
		{060DB242-A5BD-4993-8BA9-D9B48CC63F2A}.Release|x86.Build.0 = Release|Win32
		{68333F0D-2DDC-4E58-A94E-652F5BC5B1A4}.Debug|x64.ActiveCfg = Debug|x64
		{68333F0D-2DDC-4E58-A94E-652F5BC5B1A4}.Debug|x64.Build.0 = Debug|x64
		{68333F0D-2DDC-4E58-A94E-652F5BC5B1A4}.Debug|x86.ActiveCfg = Debug|Win32
		{68333F0D-2DDC-4E58-A94E-652F5BC5B1A4}.Debug|x86.Build.0 = Debug|Win32
		{68333F0D-2DDC-4E58-A94E-652F5BC5B1A4}.Release|x64.ActiveCfg = Release|x64
		{68333F0D-2DDC-4E58-A94E-652F5BC5B1A4}.Release|x64.Build.0 = Release|x64
		{68333F0D-2DDC-4E58-A94E-652F5BC5B1A4}.Release|x86.ActiveCfg = Release|Win32
		{68333F0D-2DDC-4E58-A94E-652F5BC5B1A4}.Release|x86.Build.0 = Release|Win32
		{4A62C7D8-4F71-4F2E-88FC-8F923B97317C}.Debug|x64.ActiveCfg = Debug|x64
		{4A62C7D8-4F71-4F2E-88FC-8F923B97317C}.Debug|x64.Build.0 = Debug|x64
		{4A62C7D8-4F71-4F2E-88FC-8F923B97317C}.Debug|x86.ActiveCfg = Debug|Win32
		{4A62C7D8-4F71-4F2E-88FC-8F923B97317C}.Debug|x86.Build.0 = Debug|Win32
		{4A62C7D8-4F71-4F2E-88FC-8F923B97317C}.Release|x64.ActiveCfg = Release|x64
		{4A62C7D8-4F71-4F2E-88FC-8F923B97317C}.Release|x64.Build.0 = Release|x64
		{4A62C7D8-4F71-4F2E-88FC-8F923B97317C}.Release|x86.ActiveCfg = Release|Win32
		{4A62C7D8-4F71-4F2E-88FC-8F923B97317C}.Release|x86.Build.0 = Release|Win32
		{104C7DE2-4364-4351-B6EC-B46F6FF3E74A}.Debug|x64.ActiveCfg = Debug|x64
		{104C7DE2-4364-4351-B6EC-B46F6FF3E74A}.Debug|x64.Build.0 = Debug|x64
		{104C7DE2-4364-4351-B6EC-B46F6FF3E74A}.Debug|x86.ActiveCfg = Debug|Win32
		{104C7DE2-4364-4351-B6EC-B46F6FF3E74A}.Debug|x86.Build.0 = Debug|Win32
		{104C7DE2-4364-4351-B6EC-B46F6FF3E74A}.Release|x64.ActiveCfg = Release|x64
		{104C7DE2-4364-4351-B6EC-B46F6FF3E74A}.Release|x64.Build.0 = Release|x64
		{104C7DE2-4364-4351-B6EC-B46F6FF3E74A}.Release|x86.ActiveCfg = Release|Win32
		{104C7DE2-4364-4351-B6EC-B46F6FF3E74A}.Release|x86.Build.0 = Release|Win32
		{8F0DE4DC-09BB-4448-B4BB-07BCDA706684}.Debug|x64.ActiveCfg = Debug|x64
		{8F0DE4DC-09BB-4448-B4BB-07BCDA706684}.Debug|x64.Build.0 = Debug|x64
		{8F0DE4DC-09BB-4448-B4BB-07BCDA706684}.Debug|x86.ActiveCfg = Debug|Win32
		{8F0DE4DC-09BB-4448-B4BB-07BCDA706684}.Debug|x86.Build.0 = Debug|Win32
		{8F0DE4DC-09BB-4448-B4BB-07BCDA706684}.Release|x64.ActiveCfg = Release|x64
		{8F0DE4DC-09BB-4448-B4BB-07BCDA706684}.Release|x64.Build.0 = Release|x64
		{8F0DE4DC-09BB-4448-B4BB-07BCDA706684}.Release|x86.ActiveCfg = Release|Win32
		{8F0DE4DC-09BB-4448-B4BB-07BCDA706684}.Release|x86.Build.0 = Release|Win32
		{DAB7E15B-EB1B-4165-8269-3A9B9ED9A94D}.Debug|x64.ActiveCfg = Debug|x64
		{DAB7E15B-EB1B-4165-8269-3A9B9ED9A94D}.Debug|x64.Build.0 = Debug|x64
		{DAB7E15B-EB1B-4165-8269-3A9B9ED9A94D}.Debug|x86.ActiveCfg = Debug|Win32
		{DAB7E15B-EB1B-4165-8269-3A9B9ED9A94D}.Debug|x86.Build.0 = Debug|Win32
		{DAB7E15B-EB1B-4165-8269-3A9B9ED9A94D}.Release|x64.ActiveCfg = Release|x64
		{DAB7E15B-EB1B-4165-8269-3A9B9ED9A94D}.Release|x64.Build.0 = Release|x64
		{DAB7E15B-EB1B-4165-8269-3A9B9ED9A94D}.Release|x86.ActiveCfg = Release|Win32
		{DAB7E15B-EB1B-4165-8269-3A9B9ED9A94D}.Release|x86.Build.0 = Release|Win32
		{AA3338ED-678E-41BE-9268-937A420D6950}.Debug|x64.ActiveCfg = Debug|x64
		{AA3338ED-678E-41BE-9268-937A420D6950}.Debug|x64.Build.0 = Debug|x64
		{AA3338ED-678E-41BE-9268-937A420D6950}.Debug|x86.ActiveCfg = Debug|Win32
		{AA3338ED-678E-41BE-9268-937A420D6950}.Debug|x86.Build.0 = Debug|Win32
		{AA3338ED-678E-41BE-9268-937A420D6950}.Release|x64.ActiveCfg = Release|x64
		{AA3338ED-678E-41BE-9268-937A420D6950}.Release|x64.Build.0 = Release|x64
		{AA3338ED-678E-41BE-9268-937A420D6950}.Release|x86.ActiveCfg = Release|Win32
		{AA3338ED-678E-41BE-9268-937A420D6950}.Release|x86.Build.0 = Release|Win32
		{7177D070-3965-4EF0-A5D2-5BD4840F2757}.Debug|x64.ActiveCfg = Debug|x64
		{7177D070-3965-4EF0-A5D2-5BD4840F2757}.Debug|x64.Build.0 = Debug|x64
		{7177D070-3965-4EF0-A5D2-5BD4840F2757}.Debug|x86.ActiveCfg = Debug|Win32
		{7177D070-3965-4EF0-A5D2-5BD4840F2757}.Debug|x86.Build.0 = Debug|Win32
		{7177D070-3965-4EF0-A5D2-5BD4840F2757}.Release|x64.ActiveCfg = Release|x64
		{7177D070-3965-4EF0-A5D2-5BD4840F2757}.Release|x64.Build.0 = Release|x64
		{7177D070-3965-4EF0-A5D2-5BD4840F2757}.Release|x86.ActiveCfg = Release|Win32
		{7177D070-3965-4EF0-A5D2-5BD4840F2757}.Release|x86.Build.0 = Release|Win32
		{47D6C65E-9891-4C6A-B53E-E1D5475DE730}.Debug|x64.ActiveCfg = Debug|x64
		{47D6C65E-9891-4C6A-B53E-E1D5475DE730}.Debug|x64.Build.0 = Debug|x64
		{47D6C65E-9891-4C6A-B53E-E1D5475DE730}.Debug|x86.ActiveCfg = Debug|Win32
		{47D6C65E-9891-4C6A-B53E-E1D5475DE730}.Debug|x86.Build.0 = Debug|Win32
		{47D6C65E-9891-4C6A-B53E-E1D5475DE730}.Release|x64.ActiveCfg = Release|x64
		{47D6C65E-9891-4C6A-B53E-E1D5475DE730}.Release|x64.Build.0 = Release|x64
		{47D6C65E-9891-4C6A-B53E-E1D5475DE730}.Release|x86.ActiveCfg = Release|Win32
		{47D6C65E-9891-4C6A-B53E-E1D5475DE730}.Release|x86.Build.0 = Release|Win32
		{85EDD5E5-16D5-4ABE-BA34-565A01C6951F}.Debug|x64.ActiveCfg = Debug|x64
		{85EDD5E5-16D5-4ABE-BA34-565A01C6951F}.Debug|x64.Build.0 = Debug|x64
		{85EDD5E5-16D5-4ABE-BA34-565A01C6951F}.Debug|x86.ActiveCfg = Debug|Win32
		{85EDD5E5-16D5-4ABE-BA34-565A01C6951F}.Debug|x86.Build.0 = Debug|Win32
		{85EDD5E5-16D5-4ABE-BA34-565A01C6951F}.Release|x64.ActiveCfg = Release|x64
		{85EDD5E5-16D5-4ABE-BA34-565A01C6951F}.Release|x64.Build.0 = Release|x64
		{85EDD5E5-16D5-4ABE-BA34-565A01C6951F}.Release|x86.ActiveCfg = Release|Win32
		{85EDD5E5-16D5-4ABE-BA34-565A01C6951F}.Release|x86.Build.0 = Release|Win32
		{C767743F-74DD-4493-A267-08F174F8720C}.Debug|x64.ActiveCfg = Debug|x64
		{C767743F-74DD-4493-A267-08F174F8720C}.Debug|x64.Build.0 = Debug|x64
		{C767743F-74DD-4493-A267-08F174F8720C}.Debug|x86.ActiveCfg = Debug|Win32
		{C767743F-74DD-4493-A267-08F174F8720C}.Debug|x86.Build.0 = Debug|Win32
		{C767743F-74DD-4493-A267-08F174F8720C}.Release|x64.ActiveCfg = Release|x64
		{C767743F-74DD-4493-A267-08F174F8720C}.Release|x64.Build.0 = Release|x64
		{C767743F-74DD-4493-A267-08F174F8720C}.Release|x86.ActiveCfg = Release|Win32
		{C767743F-74DD-4493-A267-08F174F8720C}.Release|x86.Build.0 = Release|Win32
		{6BC61A58-2A64-4B77-8362-15BDB0AC7E75}.Debug|x64.ActiveCfg = Debug|x64
		{6BC61A58-2A64-4B77-8362-15BDB0AC7E75}.Debug|x64.Build.0 = Debug|x64
		{6BC61A58-2A64-4B77-8362-15BDB0AC7E75}.Debug|x86.ActiveCfg = Debug|Win32
		{6BC61A58-2A64-4B77-8362-15BDB0AC7E75}.Debug|x86.Build.0 = Debug|Win32
		{6BC61A58-2A64-4B77-8362-15BDB0AC7E75}.Release|x64.ActiveCfg = Release|x64
		{6BC61A58-2A64-4B77-8362-15BDB0AC7E75}.Release|x64.Build.0 = Release|x64
		{6BC61A58-2A64-4B77-8362-15BDB0AC7E75}.Release|x86.ActiveCfg = Release|Win32
		{6BC61A58-2A64-4B77-8362-15BDB0AC7E75}.Release|x86.Build.0 = Release|Win32
		{B5DA25D4-FCC0-4153-9E7B-DCAF099B9FB4}.Debug|x64.ActiveCfg = Debug|x64
		{B5DA25D4-FCC0-4153-9E7B-DCAF099B9FB4}.Debug|x64.Build.0 = Debug|x64
		{B5DA25D4-FCC0-4153-9E7B-DCAF099B9FB4}.Debug|x86.ActiveCfg = Debug|Win32
		{B5DA25D4-FCC0-4153-9E7B-DCAF099B9FB4}.Debug|x86.Build.0 = Debug|Win32
		{B5DA25D4-FCC0-4153-9E7B-DCAF099B9FB4}.Release|x64.ActiveCfg = Release|x64
		{B5DA25D4-FCC0-4153-9E7B-DCAF099B9FB4}.Release|x64.Build.0 = Release|x64
		{B5DA25D4-FCC0-4153-9E7B-DCAF099B9FB4}.Release|x86.ActiveCfg = Release|Win32
		{B5DA25D4-FCC0-4153-9E7B-DCAF099B9FB4}.Release|x86.Build.0 = Release|Win32
		{F1CFB7EF-669D-46F5-9B79-9AE364190F07}.Debug|x64.ActiveCfg = Debug|x64
		{F1CFB7EF-669D-46F5-9B79-9AE364190F07}.Debug|x64.Build.0 = Debug|x64
		{F1CFB7EF-669D-46F5-9B79-9AE364190F07}.Debug|x86.ActiveCfg = Debug|Win32
		{F1CFB7EF-669D-46F5-9B79-9AE364190F07}.Debug|x86.Build.0 = Debug|Win32
		{F1CFB7EF-669D-46F5-9B79-9AE364190F07}.Release|x64.ActiveCfg = Release|x64
		{F1CFB7EF-669D-46F5-9B79-9AE364190F07}.Release|x64.Build.0 = Release|x64
		{F1CFB7EF-669D-46F5-9B79-9AE364190F07}.Release|x86.ActiveCfg = Release|Win32
		{F1CFB7EF-669D-46F5-9B79-9AE364190F07}.Release|x86.Build.0 = Release|Win32
		{34AD08C2-768B-4382-9920-8CAE2684D6FE}.Debug|x64.ActiveCfg = Debug|x64
		{34AD08C2-768B-4382-9920-8CAE2684D6FE}.Debug|x64.Build.0 = Debug|x64
		{34AD08C2-768B-4382-9920-8CAE2684D6FE}.Debug|x86.ActiveCfg = Debug|Win32
		{34AD08C2-768B-4382-9920-8CAE2684D6FE}.Debug|x86.Build.0 = Debug|Win32
		{34AD08C2-768B-4382-9920-8CAE2684D6FE}.Release|x64.ActiveCfg = Release|x64
		{34AD08C2-768B-4382-9920-8CAE2684D6FE}.Release|x64.Build.0 = Release|x64
		{34AD08C2-768B-4382-9920-8CAE2684D6FE}.Release|x86.ActiveCfg = Release|Win32
		{34AD08C2-768B-4382-9920-8CAE2684D6FE}.Release|x86.Build.0 = Release|Win32
		{41ECA02E-A9C0-4E35-B9A4-604144CA81AD}.Debug|x64.ActiveCfg = Debug|x64
		{41ECA02E-A9C0-4E35-B9A4-604144CA81AD}.Debug|x64.Build.0 = Debug|x64
		{41ECA02E-A9C0-4E35-B9A4-604144CA81AD}.Debug|x86.ActiveCfg = Debug|Win32
		{41ECA02E-A9C0-4E35-B9A4-604144CA81AD}.Debug|x86.Build.0 = Debug|Win32
		{41ECA02E-A9C0-4E35-B9A4-604144CA81AD}.Release|x64.ActiveCfg = Release|x64
		{41ECA02E-A9C0-4E35-B9A4-604144CA81AD}.Release|x64.Build.0 = Release|x64
		{41ECA02E-A9C0-4E35-B9A4-604144CA81AD}.Release|x86.ActiveCfg = Release|Win32
		{41ECA02E-A9C0-4E35-B9A4-604144CA81AD}.Release|x86.Build.0 = Release|Win32
		{1D6ED00C-22E4-401E-85B9-BCCDD2DDA87B}.Debug|x64.ActiveCfg = Debug|x64
		{1D6ED00C-22E4-401E-85B9-BCCDD2DDA87B}.Debug|x64.Build.0 = Debug|x64
		{1D6ED00C-22E4-401E-85B9-BCCDD2DDA87B}.Debug|x86.ActiveCfg = Debug|Win32
		{1D6ED00C-22E4-401E-85B9-BCCDD2DDA87B}.Debug|x86.Build.0 = Debug|Win32
		{1D6ED00C-22E4-401E-85B9-BCCDD2DDA87B}.Release|x64.ActiveCfg = Release|x64
		{1D6ED00C-22E4-401E-85B9-BCCDD2DDA87B}.Release|x64.Build.0 = Release|x64
		{1D6ED00C-22E4-401E-85B9-BCCDD2DDA87B}.Release|x86.ActiveCfg = Release|Win32
		{1D6ED00C-22E4-401E-85B9-BCCDD2DDA87B}.Release|x86.Build.0 = Release|Win32
		{AA46F690-711D-4AEF-A32D-28C6EFD89CA9}.Debug|x64.ActiveCfg = Debug|x64
		{AA46F690-711D-4AEF-A32D-28C6EFD89CA9}.Debug|x64.Build.0 = Debug|x64
		{AA46F690-711D-4AEF-A32D-28C6EFD89CA9}.Debug|x86.ActiveCfg = Debug|Win32
		{AA46F690-711D-4AEF-A32D-28C6EFD89CA9}.Debug|x86.Build.0 = Debug|Win32
		{AA46F690-711D-4AEF-A32D-28C6EFD89CA9}.Release|x64.ActiveCfg = Release|x64
		{AA46F690-711D-4AEF-A32D-28C6EFD89CA9}.Release|x64.Build.0 = Release|x64
		{AA46F690-711D-4AEF-A32D-28C6EFD89CA9}.Release|x86.ActiveCfg = Release|Win32
		{AA46F690-711D-4AEF-A32D-28C6EFD89CA9}.Release|x86.Build.0 = Release|Win32
		{B0094CFE-691C-45DA-ADF0-FC3BFA682731}.Debug|x64.ActiveCfg = Debug|x64
		{B0094CFE-691C-45DA-ADF0-FC3BFA682731}.Debug|x64.Build.0 = Debug|x64
		{B0094CFE-691C-45DA-ADF0-FC3BFA682731}.Debug|x86.ActiveCfg = Debug|Win32
		{B0094CFE-691C-45DA-ADF0-FC3BFA682731}.Debug|x86.Build.0 = Debug|Win32
		{B0094CFE-691C-45DA-ADF0-FC3BFA682731}.Release|x64.ActiveCfg = Release|x64
		{B0094CFE-691C-45DA-ADF0-FC3BFA682731}.Release|x64.Build.0 = Release|x64
		{B0094CFE-691C-45DA-ADF0-FC3BFA682731}.Release|x86.ActiveCfg = Release|Win32
		{B0094CFE-691C-45DA-ADF0-FC3BFA682731}.Release|x86.Build.0 = Release|Win32
		{07071A6A-08A2-4650-9553-671F48ABBBBD}.Debug|x64.ActiveCfg = Debug|x64
		{07071A6A-08A2-4650-9553-671F48ABBBBD}.Debug|x64.Build.0 = Debug|x64
		{07071A6A-08A2-4650-9553-671F48ABBBBD}.Debug|x86.ActiveCfg = Debug|Win32
		{07071A6A-08A2-4650-9553-671F48ABBBBD}.Debug|x86.Build.0 = Debug|Win32
		{07071A6A-08A2-4650-9553-671F48ABBBBD}.Release|x64.ActiveCfg = Release|x64
		{07071A6A-08A2-4650-9553-671F48ABBBBD}.Release|x64.Build.0 = Release|x64
		{07071A6A-08A2-4650-9553-671F48ABBBBD}.Release|x86.ActiveCfg = Release|Win32
		{07071A6A-08A2-4650-9553-671F48ABBBBD}.Release|x86.Build.0 = Release|Win32
		{ED26FBA5-B988-4261-A592-73DFFD672A32}.Debug|x64.ActiveCfg = Debug|x64
		{ED26FBA5-B988-4261-A592-73DFFD672A32}.Debug|x64.Build.0 = Debug|x64
		{ED26FBA5-B988-4261-A592-73DFFD672A32}.Debug|x86.ActiveCfg = Debug|Win32
		{ED26FBA5-B988-4261-A592-73DFFD672A32}.Debug|x86.Build.0 = Debug|Win32
		{ED26FBA5-B988-4261-A592-73DFFD672A32}.Release|x64.ActiveCfg = Release|x64
		{ED26FBA5-B988-4261-A592-73DFFD672A32}.Release|x64.Build.0 = Release|x64
		{ED26FBA5-B988-4261-A592-73DFFD672A32}.Release|x86.ActiveCfg = Release|Win32
		{ED26FBA5-B988-4261-A592-73DFFD672A32}.Release|x86.Build.0 = Release|Win32
		{1BFC1493-10BA-4A22-B4BF-F7AD26A90530}.Debug|x64.ActiveCfg = Debug|x64
		{1BFC1493-10BA-4A22-B4BF-F7AD26A90530}.Debug|x64.Build.0 = Debug|x64
		{1BFC1493-10BA-4A22-B4BF-F7AD26A90530}.Debug|x86.ActiveCfg = Debug|Win32
		{1BFC1493-10BA-4A22-B4BF-F7AD26A90530}.Debug|x86.Build.0 = Debug|Win32
		{1BFC1493-10BA-4A22-B4BF-F7AD26A90530}.Release|x64.ActiveCfg = Release|x64
		{1BFC1493-10BA-4A22-B4BF-F7AD26A90530}.Release|x64.Build.0 = Release|x64
		{1BFC1493-10BA-4A22-B4BF-F7AD26A90530}.Release|x86.ActiveCfg = Release|Win32
		{1BFC1493-10BA-4A22-B4BF-F7AD26A90530}.Release|x86.Build.0 = Release|Win32
		{418B760F-4B46-4FC1-AD3E-0A25D4204A10}.Debug|x64.ActiveCfg = Debug|x64
		{418B760F-4B46-4FC1-AD3E-0A25D4204A10}.Debug|x64.Build.0 = Debug|x64
		{418B760F-4B46-4FC1-AD3E-0A25D4204A10}.Debug|x86.ActiveCfg = Debug|Win32
		{418B760F-4B46-4FC1-AD3E-0A25D4204A10}.Debug|x86.Build.0 = Debug|Win32
		{418B760F-4B46-4FC1-AD3E-0A25D4204A10}.Release|x64.ActiveCfg = Release|x64
		{418B760F-4B46-4FC1-AD3E-0A25D4204A10}.Release|x64.Build.0 = Release|x64
		{418B760F-4B46-4FC1-AD3E-0A25D4204A10}.Release|x86.ActiveCfg = Release|Win32
		{418B760F-4B46-4FC1-AD3E-0A25D4204A10}.Release|x86.Build.0 = Release|Win32
		{E3BF59FF-1249-4BE0-9F35-89866472DC19}.Debug|x64.ActiveCfg = Debug|x64
		{E3BF59FF-1249-4BE0-9F35-89866472DC19}.Debug|x64.Build.0 = Debug|x64
		{E3BF59FF-1249-4BE0-9F35-89866472DC19}.Debug|x86.ActiveCfg = Debug|Win32
		{E3BF59FF-1249-4BE0-9F35-89866472DC19}.Debug|x86.Build.0 = Debug|Win32
		{E3BF59FF-1249-4BE0-9F35-89866472DC19}.Release|x64.ActiveCfg = Release|x64
		{E3BF59FF-1249-4BE0-9F35-89866472DC19}.Release|x64.Build.0 = Release|x64
		{E3BF59FF-1249-4BE0-9F35-89866472DC19}.Release|x86.ActiveCfg = Release|Win32
		{E3BF59FF-1249-4BE0-9F35-89866472DC19}.Release|x86.Build.0 = Release|Win32
		{A0A2E9C4-CAA9-4A4D-B2FD-D695FBA68C65}.Debug|x64.ActiveCfg = Debug|x64
		{A0A2E9C4-CAA9-4A4D-B2FD-D695FBA68C65}.Debug|x64.Build.0 = Debug|x64
		{A0A2E9C4-CAA9-4A4D-B2FD-D695FBA68C65}.Debug|x86.ActiveCfg = Debug|Win32
		{A0A2E9C4-CAA9-4A4D-B2FD-D695FBA68C65}.Debug|x86.Build.0 = Debug|Win32
		{A0A2E9C4-CAA9-4A4D-B2FD-D695FBA68C65}.Release|x64.ActiveCfg = Release|x64
		{A0A2E9C4-CAA9-4A4D-B2FD-D695FBA68C65}.Release|x64.Build.0 = Release|x64
		{A0A2E9C4-CAA9-4A4D-B2FD-D695FBA68C65}.Release|x86.ActiveCfg = Release|Win32
		{A0A2E9C4-CAA9-4A4D-B2FD-D695FBA68C65}.Release|x86.Build.0 = Release|Win32
		{277D8A2F-AE27-491C-9E34-C0DB9F2A2DBC}.Debug|x64.ActiveCfg = Debug|x64
		{277D8A2F-AE27-491C-9E34-C0DB9F2A2DBC}.Debug|x64.Build.0 = Debug|x64
		{277D8A2F-AE27-491C-9E34-C0DB9F2A2DBC}.Debug|x86.ActiveCfg = Debug|Win32
		{277D8A2F-AE27-491C-9E34-C0DB9F2A2DBC}.Debug|x86.Build.0 = Debug|Win32
		{277D8A2F-AE27-491C-9E34-C0DB9F2A2DBC}.Release|x64.ActiveCfg = Release|x64
		{277D8A2F-AE27-491C-9E34-C0DB9F2A2DBC}.Release|x64.Build.0 = Release|x64
		{277D8A2F-AE27-491C-9E34-C0DB9F2A2DBC}.Release|x86.ActiveCfg = Release|Win32
		{277D8A2F-AE27-491C-9E34-C0DB9F2A2DBC}.Release|x86.Build.0 = Release|Win32
		{42DE7794-816C-4578-BB40-CC174EA2365A}.Debug|x64.ActiveCfg = Debug|x64
		{42DE7794-816C-4578-BB40-CC174EA2365A}.Debug|x64.Build.0 = Debug|x64
		{42DE7794-816C-4578-BB40-CC174EA2365A}.Debug|x86.ActiveCfg = Debug|Win32
		{42DE7794-816C-4578-BB40-CC174EA2365A}.Debug|x86.Build.0 = Debug|Win32
		{42DE7794-816C-4578-BB40-CC174EA2365A}.Release|x64.ActiveCfg = Release|x64
		{42DE7794-816C-4578-BB40-CC174EA2365A}.Release|x64.Build.0 = Release|x64
		{42DE7794-816C-4578-BB40-CC174EA2365A}.Release|x86.ActiveCfg = Release|Win32
		{42DE7794-816C-4578-BB40-CC174EA2365A}.Release|x86.Build.0 = Release|Win32
		{E1BD8C44-D8EC-4794-8BC7-3203E66745E5}.Debug|x64.ActiveCfg = Debug|x64
		{E1BD8C44-D8EC-4794-8BC7-3203E66745E5}.Debug|x64.Build.0 = Debug|x64
		{E1BD8C44-D8EC-4794-8BC7-3203E66745E5}.Debug|x86.ActiveCfg = Debug|Win32
		{E1BD8C44-D8EC-4794-8BC7-3203E66745E5}.Debug|x86.Build.0 = Debug|Win32
		{E1BD8C44-D8EC-4794-8BC7-3203E66745E5}.Release|x64.ActiveCfg = Release|x64
		{E1BD8C44-D8EC-4794-8BC7-3203E66745E5}.Release|x64.Build.0 = Release|x64
		{E1BD8C44-D8EC-4794-8BC7-3203E66745E5}.Release|x86.ActiveCfg = Release|Win32
		{E1BD8C44-D8EC-4794-8BC7-3203E66745E5}.Release|x86.Build.0 = Release|Win32
		{91B1F8ED-F876-4DBB-A2B6-FDA080556D76}.Debug|x64.ActiveCfg = Debug|x64
		{91B1F8ED-F876-4DBB-A2B6-FDA080556D76}.Debug|x64.Build.0 = Debug|x64
		{91B1F8ED-F876-4DBB-A2B6-FDA080556D76}.Debug|x86.ActiveCfg = Debug|Win32
		{91B1F8ED-F876-4DBB-A2B6-FDA080556D76}.Debug|x86.Build.0 = Debug|Win32
		{91B1F8ED-F876-4DBB-A2B6-FDA080556D76}.Release|x64.ActiveCfg = Release|x64
		{91B1F8ED-F876-4DBB-A2B6-FDA080556D76}.Release|x64.Build.0 = Release|x64
		{91B1F8ED-F876-4DBB-A2B6-FDA080556D76}.Release|x86.ActiveCfg = Release|Win32
		{91B1F8ED-F876-4DBB-A2B6-FDA080556D76}.Release|x86.Build.0 = Release|Win32
		{E7A42CEB-1855-4652-A81B-ED2127D82637}.Debug|x64.ActiveCfg = Debug|x64
		{E7A42CEB-1855-4652-A81B-ED2127D82637}.Debug|x64.Build.0 = Debug|x64
		{E7A42CEB-1855-4652-A81B-ED2127D82637}.Debug|x86.ActiveCfg = Debug|Win32
		{E7A42CEB-1855-4652-A81B-ED2127D82637}.Debug|x86.Build.0 = Debug|Win32
		{E7A42CEB-1855-4652-A81B-ED2127D82637}.Release|x64.ActiveCfg = Release|x64
		{E7A42CEB-1855-4652-A81B-ED2127D82637}.Release|x64.Build.0 = Release|x64
		{E7A42CEB-1855-4652-A81B-ED2127D82637}.Release|x86.ActiveCfg = Release|Win32
		{E7A42CEB-1855-4652-A81B-ED2127D82637}.Release|x86.Build.0 = Release|Win32
		{BEB01D4D-34D7-4AE5-ABBB-AF1AA4CB59A7}.Debug|x64.ActiveCfg = Debug|x64
		{BEB01D4D-34D7-4AE5-ABBB-AF1AA4CB59A7}.Debug|x64.Build.0 = Debug|x64
		{BEB01D4D-34D7-4AE5-ABBB-AF1AA4CB59A7}.Debug|x86.ActiveCfg = Debug|Win32
		{BEB01D4D-34D7-4AE5-ABBB-AF1AA4CB59A7}.Debug|x86.Build.0 = Debug|Win32
		{BEB01D4D-34D7-4AE5-ABBB-AF1AA4CB59A7}.Release|x64.ActiveCfg = Release|x64
		{BEB01D4D-34D7-4AE5-ABBB-AF1AA4CB59A7}.Release|x64.Build.0 = Release|x64
		{BEB01D4D-34D7-4AE5-ABBB-AF1AA4CB59A7}.Release|x86.ActiveCfg = Release|Win32
		{BEB01D4D-34D7-4AE5-ABBB-AF1AA4CB59A7}.Release|x86.Build.0 = Release|Win32
		{02C623EE-8F48-4132-8979-802354206709}.Debug|x64.ActiveCfg = Debug|x64
		{02C623EE-8F48-4132-8979-802354206709}.Debug|x64.Build.0 = Debug|x64
		{02C623EE-8F48-4132-8979-802354206709}.Debug|x86.ActiveCfg = Debug|Win32
		{02C623EE-8F48-4132-8979-802354206709}.Debug|x86.Build.0 = Debug|Win32
		{02C623EE-8F48-4132-8979-802354206709}.Release|x64.ActiveCfg = Release|x64
		{02C623EE-8F48-4132-8979-802354206709}.Release|x64.Build.0 = Release|x64
		{02C623EE-8F48-4132-8979-802354206709}.Release|x86.ActiveCfg = Release|Win32
		{02C623EE-8F48-4132-8979-802354206709}.Release|x86.Build.0 = Release|Win32
		{F5E0F4A5-4BA8-49F3-A285-9EDBAB0B525B}.Debug|x64.ActiveCfg = Debug|x64
		{F5E0F4A5-4BA8-49F3-A285-9EDBAB0B525B}.Debug|x64.Build.0 = Debug|x64
		{F5E0F4A5-4BA8-49F3-A285-9EDBAB0B525B}.Debug|x86.ActiveCfg = Debug|Win32
		{F5E0F4A5-4BA8-49F3-A285-9EDBAB0B525B}.Debug|x86.Build.0 = Debug|Win32
		{F5E0F4A5-4BA8-49F3-A285-9EDBAB0B525B}.Release|x64.ActiveCfg = Release|x64
		{F5E0F4A5-4BA8-49F3-A285-9EDBAB0B525B}.Release|x64.Build.0 = Release|x64
		{F5E0F4A5-4BA8-49F3-A285-9EDBAB0B525B}.Release|x86.ActiveCfg = Release|Win32
		{F5E0F4A5-4BA8-49F3-A285-9EDBAB0B525B}.Release|x86.Build.0 = Release|Win32
		{5FCE0B04-E946-4310-8EA4-052EDB6C6AC7}.Debug|x64.ActiveCfg = Debug|x64
		{5FCE0B04-E946-4310-8EA4-052EDB6C6AC7}.Debug|x64.Build.0 = Debug|x64
		{5FCE0B04-E946-4310-8EA4-052EDB6C6AC7}.Debug|x86.ActiveCfg = Debug|Win32
		{5FCE0B04-E946-4310-8EA4-052EDB6C6AC7}.Debug|x86.Build.0 = Debug|Win32
		{5FCE0B04-E946-4310-8EA4-052EDB6C6AC7}.Release|x64.ActiveCfg = Release|x64
		{5FCE0B04-E946-4310-8EA4-052EDB6C6AC7}.Release|x64.Build.0 = Release|x64
		{5FCE0B04-E946-4310-8EA4-052EDB6C6AC7}.Release|x86.ActiveCfg = Release|Win32
		{5FCE0B04-E946-4310-8EA4-052EDB6C6AC7}.Release|x86.Build.0 = Release|Win32
		{311F1E7C-14D8-41D2-B068-19F87E072261}.Debug|x64.ActiveCfg = Debug|x64
		{311F1E7C-14D8-41D2-B068-19F87E072261}.Debug|x64.Build.0 = Debug|x64
		{311F1E7C-14D8-41D2-B068-19F87E072261}.Debug|x86.ActiveCfg = Debug|Win32
		{311F1E7C-14D8-41D2-B068-19F87E072261}.Debug|x86.Build.0 = Debug|Win32
		{311F1E7C-14D8-41D2-B068-19F87E072261}.Release|x64.ActiveCfg = Release|x64
		{311F1E7C-14D8-41D2-B068-19F87E072261}.Release|x64.Build.0 = Release|x64
		{311F1E7C-14D8-41D2-B068-19F87E072261}.Release|x86.ActiveCfg = Release|Win32
		{311F1E7C-14D8-41D2-B068-19F87E072261}.Release|x86.Build.0 = Release|Win32
		{23C55D72-8BDD-4C40-8B1B-8CD5BA2EA310}.Debug|x64.ActiveCfg = Debug|x64
		{23C55D72-8BDD-4C40-8B1B-8CD5BA2EA310}.Debug|x64.Build.0 = Debug|x64
		{23C55D72-8BDD-4C40-8B1B-8CD5BA2EA310}.Debug|x86.ActiveCfg = Debug|Win32
		{23C55D72-8BDD-4C40-8B1B-8CD5BA2EA310}.Debug|x86.Build.0 = Debug|Win32
		{23C55D72-8BDD-4C40-8B1B-8CD5BA2EA310}.Release|x64.ActiveCfg = Release|x64
		{23C55D72-8BDD-4C40-8B1B-8CD5BA2EA310}.Release|x64.Build.0 = Release|x64
		{23C55D72-8BDD-4C40-8B1B-8CD5BA2EA310}.Release|x86.ActiveCfg = Release|Win32
		{23C55D72-8BDD-4C40-8B1B-8CD5BA2EA310}.Release|x86.Build.0 = Release|Win32
		{D0367278-C432-491F-8DD0-ABDEA19DB68C}.Debug|x64.ActiveCfg = Debug|x64
		{D0367278-C432-491F-8DD0-ABDEA19DB68C}.Debug|x64.Build.0 = Debug|x64
		{D0367278-C432-491F-8DD0-ABDEA19DB68C}.Debug|x86.ActiveCfg = Debug|Win32
		{D0367278-C432-491F-8DD0-ABDEA19DB68C}.Debug|x86.Build.0 = Debug|Win32
		{D0367278-C432-491F-8DD0-ABDEA19DB68C}.Release|x64.ActiveCfg = Release|x64
		{D0367278-C432-491F-8DD0-ABDEA19DB68C}.Release|x64.Build.0 = Release|x64
		{D0367278-C432-491F-8DD0-ABDEA19DB68C}.Release|x86.ActiveCfg = Release|Win32
		{D0367278-C432-491F-8DD0-ABDEA19DB68C}.Release|x86.Build.0 = Release|Win32
		{52BD5B21-F736-4AA9-90C7-115B9F833992}.Debug|x64.ActiveCfg = Debug|x64
		{52BD5B21-F736-4AA9-90C7-115B9F833992}.Debug|x64.Build.0 = Debug|x64
		{52BD5B21-F736-4AA9-90C7-115B9F833992}.Debug|x86.ActiveCfg = Debug|Win32
		{52BD5B21-F736-4AA9-90C7-115B9F833992}.Debug|x86.Build.0 = Debug|Win32
		{52BD5B21-F736-4AA9-90C7-115B9F833992}.Release|x64.ActiveCfg = Release|x64
		{52BD5B21-F736-4AA9-90C7-115B9F833992}.Release|x64.Build.0 = Release|x64
		{52BD5B21-F736-4AA9-90C7-115B9F833992}.Release|x86.ActiveCfg = Release|Win32
		{52BD5B21-F736-4AA9-90C7-115B9F833992}.Release|x86.Build.0 = Release|Win32
		{0AA196C4-AA7A-4AC7-9773-680D42F8B566}.Debug|x64.ActiveCfg = Debug|x64
		{0AA196C4-AA7A-4AC7-9773-680D42F8B566}.Debug|x64.Build.0 = Debug|x64
		{0AA196C4-AA7A-4AC7-9773-680D42F8B566}.Debug|x86.ActiveCfg = Debug|Win32
		{0AA196C4-AA7A-4AC7-9773-680D42F8B566}.Debug|x86.Build.0 = Debug|Win32
		{0AA196C4-AA7A-4AC7-9773-680D42F8B566}.Release|x64.ActiveCfg = Release|x64
		{0AA196C4-AA7A-4AC7-9773-680D42F8B566}.Release|x64.Build.0 = Release|x64
		{0AA196C4-AA7A-4AC7-9773-680D42F8B566}.Release|x86.ActiveCfg = Release|Win32
		{0AA196C4-AA7A-4AC7-9773-680D42F8B566}.Release|x86.Build.0 = Release|Win32
		{DEDA92AE-DCB7-4830-8218-B98CB29435E3}.Debug|x64.ActiveCfg = Debug|x64
		{DEDA92AE-DCB7-4830-8218-B98CB29435E3}.Debug|x64.Build.0 = Debug|x64
		{DEDA92AE-DCB7-4830-8218-B98CB29435E3}.Debug|x86.ActiveCfg = Debug|Win32
		{DEDA92AE-DCB7-4830-8218-B98CB29435E3}.Debug|x86.Build.0 = Debug|Win32
		{DEDA92AE-DCB7-4830-8218-B98CB29435E3}.Release|x64.ActiveCfg = Release|x64
		{DEDA92AE-DCB7-4830-8218-B98CB29435E3}.Release|x64.Build.0 = Release|x64
		{DEDA92AE-DCB7-4830-8218-B98CB29435E3}.Release|x86.ActiveCfg = Release|Win32
		{DEDA92AE-DCB7-4830-8218-B98CB29435E3}.Release|x86.Build.0 = Release|Win32
		{61A19BD1-57EA-4206-BE3D-85D813F8ACE2}.Debug|x64.ActiveCfg = Debug|x64
		{61A19BD1-57EA-4206-BE3D-85D813F8ACE2}.Debug|x64.Build.0 = Debug|x64
		{61A19BD1-57EA-4206-BE3D-85D813F8ACE2}.Debug|x86.ActiveCfg = Debug|Win32
		{61A19BD1-57EA-4206-BE3D-85D813F8ACE2}.Debug|x86.Build.0 = Debug|Win32
		{61A19BD1-57EA-4206-BE3D-85D813F8ACE2}.Release|x64.ActiveCfg = Release|x64
		{61A19BD1-57EA-4206-BE3D-85D813F8ACE2}.Release|x64.Build.0 = Release|x64
		{61A19BD1-57EA-4206-BE3D-85D813F8ACE2}.Release|x86.ActiveCfg = Release|Win32
		{61A19BD1-57EA-4206-BE3D-85D813F8ACE2}.Release|x86.Build.0 = Release|Win32
		{F1D8C55E-77F7-44CA-8548-7B34602CB4FF}.Debug|x64.ActiveCfg = Debug|x64
		{F1D8C55E-77F7-44CA-8548-7B34602CB4FF}.Debug|x64.Build.0 = Debug|x64
		{F1D8C55E-77F7-44CA-8548-7B34602CB4FF}.Debug|x86.ActiveCfg = Debug|Win32
		{F1D8C55E-77F7-44CA-8548-7B34602CB4FF}.Debug|x86.Build.0 = Debug|Win32
		{F1D8C55E-77F7-44CA-8548-7B34602CB4FF}.Release|x64.ActiveCfg = Release|x64
		{F1D8C55E-77F7-44CA-8548-7B34602CB4FF}.Release|x64.Build.0 = Release|x64
		{F1D8C55E-77F7-44CA-8548-7B34602CB4FF}.Release|x86.ActiveCfg = Release|Win32
		{F1D8C55E-77F7-44CA-8548-7B34602CB4FF}.Release|x86.Build.0 = Release|Win32
		{D86E68CF-9773-424B-A95C-CAF129FC4EBA}.Debug|x64.ActiveCfg = Debug|x64
		{D86E68CF-9773-424B-A95C-CAF129FC4EBA}.Debug|x64.Build.0 = Debug|x64
		{D86E68CF-9773-424B-A95C-CAF129FC4EBA}.Debug|x86.ActiveCfg = Debug|Win32
		{D86E68CF-9773-424B-A95C-CAF129FC4EBA}.Debug|x86.Build.0 = Debug|Win32
		{D86E68CF-9773-424B-A95C-CAF129FC4EBA}.Release|x64.ActiveCfg = Release|x64
		{D86E68CF-9773-424B-A95C-CAF129FC4EBA}.Release|x64.Build.0 = Release|x64
		{D86E68CF-9773-424B-A95C-CAF129FC4EBA}.Release|x86.ActiveCfg = Release|Win32
		{D86E68CF-9773-424B-A95C-CAF129FC4EBA}.Release|x86.Build.0 = Release|Win32
		{1366C31B-A659-45C5-B3E2-23A36643E9AC}.Debug|x64.ActiveCfg = Debug|x64
		{1366C31B-A659-45C5-B3E2-23A36643E9AC}.Debug|x64.Build.0 = Debug|x64
		{1366C31B-A659-45C5-B3E2-23A36643E9AC}.Debug|x86.ActiveCfg = Debug|Win32
		{1366C31B-A659-45C5-B3E2-23A36643E9AC}.Debug|x86.Build.0 = Debug|Win32
		{1366C31B-A659-45C5-B3E2-23A36643E9AC}.Release|x64.ActiveCfg = Release|x64
		{1366C31B-A659-45C5-B3E2-23A36643E9AC}.Release|x64.Build.0 = Release|x64
		{1366C31B-A659-45C5-B3E2-23A36643E9AC}.Release|x86.ActiveCfg = Release|Win32
		{1366C31B-A659-45C5-B3E2-23A36643E9AC}.Release|x86.Build.0 = Release|Win32
		{F3D8D815-3BD9-461F-811C-811F7251138B}.Debug|x64.ActiveCfg = Debug|x64
		{F3D8D815-3BD9-461F-811C-811F7251138B}.Debug|x64.Build.0 = Debug|x64
		{F3D8D815-3BD9-461F-811C-811F7251138B}.Debug|x86.ActiveCfg = Debug|Win32
		{F3D8D815-3BD9-461F-811C-811F7251138B}.Debug|x86.Build.0 = Debug|Win32
		{F3D8D815-3BD9-461F-811C-811F7251138B}.Release|x64.ActiveCfg = Release|x64
		{F3D8D815-3BD9-461F-811C-811F7251138B}.Release|x64.Build.0 = Release|x64
		{F3D8D815-3BD9-461F-811C-811F7251138B}.Release|x86.ActiveCfg = Release|Win32
		{F3D8D815-3BD9-461F-811C-811F7251138B}.Release|x86.Build.0 = Release|Win32
		{5A4D43F7-5BE0-49DF-9F29-379D82BEC53B}.Debug|x64.ActiveCfg = Debug|x64
		{5A4D43F7-5BE0-49DF-9F29-379D82BEC53B}.Debug|x64.Build.0 = Debug|x64
		{5A4D43F7-5BE0-49DF-9F29-379D82BEC53B}.Debug|x86.ActiveCfg = Debug|Win32
		{5A4D43F7-5BE0-49DF-9F29-379D82BEC53B}.Debug|x86.Build.0 = Debug|Win32
		{5A4D43F7-5BE0-49DF-9F29-379D82BEC53B}.Release|x64.ActiveCfg = Release|x64
		{5A4D43F7-5BE0-49DF-9F29-379D82BEC53B}.Release|x64.Build.0 = Release|x64
		{5A4D43F7-5BE0-49DF-9F29-379D82BEC53B}.Release|x86.ActiveCfg = Release|Win32
		{5A4D43F7-5BE0-49DF-9F29-379D82BEC53B}.Release|x86.Build.0 = Release|Win32
		{B89A3164-C8BE-4EB4-A092-E13583208EC1}.Debug|x64.ActiveCfg = Debug|x64
		{B89A3164-C8BE-4EB4-A092-E13583208EC1}.Debug|x64.Build.0 = Debug|x64
		{B89A3164-C8BE-4EB4-A092-E13583208EC1}.Debug|x86.ActiveCfg = Debug|Win32
		{B89A3164-C8BE-4EB4-A092-E13583208EC1}.Debug|x86.Build.0 = Debug|Win32
		{B89A3164-C8BE-4EB4-A092-E13583208EC1}.Release|x64.ActiveCfg = Release|x64
		{B89A3164-C8BE-4EB4-A092-E13583208EC1}.Release|x64.Build.0 = Release|x64
		{B89A3164-C8BE-4EB4-A092-E13583208EC1}.Release|x86.ActiveCfg = Release|Win32
		{B89A3164-C8BE-4EB4-A092-E13583208EC1}.Release|x86.Build.0 = Release|Win32
		{B5925008-3989-4074-8060-345CF1ABCE10}.Debug|x64.ActiveCfg = Debug|x64
		{B5925008-3989-4074-8060-345CF1ABCE10}.Debug|x64.Build.0 = Debug|x64
		{B5925008-3989-4074-8060-345CF1ABCE10}.Debug|x86.ActiveCfg = Debug|Win32
		{B5925008-3989-4074-8060-345CF1ABCE10}.Debug|x86.Build.0 = Debug|Win32
		{B5925008-3989-4074-8060-345CF1ABCE10}.Release|x64.ActiveCfg = Release|x64
		{B5925008-3989-4074-8060-345CF1ABCE10}.Release|x64.Build.0 = Release|x64
		{B5925008-3989-4074-8060-345CF1ABCE10}.Release|x86.ActiveCfg = Release|Win32
		{B5925008-3989-4074-8060-345CF1ABCE10}.Release|x86.Build.0 = Release|Win32
		{E53DBD51-C5F4-4AB3-B81F-E3515833312A}.Debug|x64.ActiveCfg = Debug|x64
		{E53DBD51-C5F4-4AB3-B81F-E3515833312A}.Debug|x64.Build.0 = Debug|x64
		{E53DBD51-C5F4-4AB3-B81F-E3515833312A}.Debug|x86.ActiveCfg = Debug|Win32
		{E53DBD51-C5F4-4AB3-B81F-E3515833312A}.Debug|x86.Build.0 = Debug|Win32
		{E53DBD51-C5F4-4AB3-B81F-E3515833312A}.Release|x64.ActiveCfg = Release|x64
		{E53DBD51-C5F4-4AB3-B81F-E3515833312A}.Release|x64.Build.0 = Release|x64
		{E53DBD51-C5F4-4AB3-B81F-E3515833312A}.Release|x86.ActiveCfg = Release|Win32
		{E53DBD51-C5F4-4AB3-B81F-E3515833312A}.Release|x86.Build.0 = Release|Win32
		{70B069E5-2F8A-4FC9-AF67-4B1DF84584CB}.Debug|x64.ActiveCfg = Debug|x64
		{70B069E5-2F8A-4FC9-AF67-4B1DF84584CB}.Debug|x64.Build.0 = Debug|x64
		{70B069E5-2F8A-4FC9-AF67-4B1DF84584CB}.Debug|x86.ActiveCfg = Debug|Win32
		{70B069E5-2F8A-4FC9-AF67-4B1DF84584CB}.Debug|x86.Build.0 = Debug|Win32
		{70B069E5-2F8A-4FC9-AF67-4B1DF84584CB}.Release|x64.ActiveCfg = Release|x64
		{70B069E5-2F8A-4FC9-AF67-4B1DF84584CB}.Release|x64.Build.0 = Release|x64
		{70B069E5-2F8A-4FC9-AF67-4B1DF84584CB}.Release|x86.ActiveCfg = Release|Win32
		{70B069E5-2F8A-4FC9-AF67-4B1DF84584CB}.Release|x86.Build.0 = Release|Win32
		{0D8B3791-4BED-4ECF-8031-E4F99EDB8F26}.Debug|x64.ActiveCfg = Debug|x64
		{0D8B3791-4BED-4ECF-8031-E4F99EDB8F26}.Debug|x64.Build.0 = Debug|x64
		{0D8B3791-4BED-4ECF-8031-E4F99EDB8F26}.Debug|x86.ActiveCfg = Debug|Win32
		{0D8B3791-4BED-4ECF-8031-E4F99EDB8F26}.Debug|x86.Build.0 = Debug|Win32
		{0D8B3791-4BED-4ECF-8031-E4F99EDB8F26}.Release|x64.ActiveCfg = Release|x64
		{0D8B3791-4BED-4ECF-8031-E4F99EDB8F26}.Release|x64.Build.0 = Release|x64
		{0D8B3791-4BED-4ECF-8031-E4F99EDB8F26}.Release|x86.ActiveCfg = Release|Win32
		{0D8B3791-4BED-4ECF-8031-E4F99EDB8F26}.Release|x86.Build.0 = Release|Win32
		{2F6681AE-0946-4095-BB42-548B14B63633}.Debug|x64.ActiveCfg = Debug|x64
		{2F6681AE-0946-4095-BB42-548B14B63633}.Debug|x64.Build.0 = Debug|x64
		{2F6681AE-0946-4095-BB42-548B14B63633}.Debug|x86.ActiveCfg = Debug|Win32
		{2F6681AE-0946-4095-BB42-548B14B63633}.Debug|x86.Build.0 = Debug|Win32
		{2F6681AE-0946-4095-BB42-548B14B63633}.Release|x64.ActiveCfg = Release|x64
		{2F6681AE-0946-4095-BB42-548B14B63633}.Release|x64.Build.0 = Release|x64
		{2F6681AE-0946-4095-BB42-548B14B63633}.Release|x86.ActiveCfg = Release|Win32
		{2F6681AE-0946-4095-BB42-548B14B63633}.Release|x86.Build.0 = Release|Win32
		{F49D1572-1CD8-4734-B7CE-B899E2351C5C}.Debug|x64.ActiveCfg = Debug|x64
		{F49D1572-1CD8-4734-B7CE-B899E2351C5C}.Debug|x64.Build.0 = Debug|x64
		{F49D1572-1CD8-4734-B7CE-B899E2351C5C}.Debug|x86.ActiveCfg = Debug|Win32
		{F49D1572-1CD8-4734-B7CE-B899E2351C5C}.Debug|x86.Build.0 = Debug|Win32
		{F49D1572-1CD8-4734-B7CE-B899E2351C5C}.Release|x64.ActiveCfg = Release|x64
		{F49D1572-1CD8-4734-B7CE-B899E2351C5C}.Release|x64.Build.0 = Release|x64
		{F49D1572-1CD8-4734-B7CE-B899E2351C5C}.Release|x86.ActiveCfg = Release|Win32
		{F49D1572-1CD8-4734-B7CE-B899E2351C5C}.Release|x86.Build.0 = Release|Win32
		{9E5F4E3F-3BC6-4514-8940-DEE9A6803BDF}.Debug|x64.ActiveCfg = Debug|x64
		{9E5F4E3F-3BC6-4514-8940-DEE9A6803BDF}.Debug|x64.Build.0 = Debug|x64
		{9E5F4E3F-3BC6-4514-8940-DEE9A6803BDF}.Debug|x86.ActiveCfg = Debug|Win32
		{9E5F4E3F-3BC6-4514-8940-DEE9A6803BDF}.Debug|x86.Build.0 = Debug|Win32
		{9E5F4E3F-3BC6-4514-8940-DEE9A6803BDF}.Release|x64.ActiveCfg = Release|x64
		{9E5F4E3F-3BC6-4514-8940-DEE9A6803BDF}.Release|x64.Build.0 = Release|x64
		{9E5F4E3F-3BC6-4514-8940-DEE9A6803BDF}.Release|x86.ActiveCfg = Release|Win32
		{9E5F4E3F-3BC6-4514-8940-DEE9A6803BDF}.Release|x86.Build.0 = Release|Win32
		{46E71CE1-E83A-4EEB-B44E-D9F2C71601DB}.Debug|x64.ActiveCfg = Debug|x64
		{46E71CE1-E83A-4EEB-B44E-D9F2C71601DB}.Debug|x64.Build.0 = Debug|x64
		{46E71CE1-E83A-4EEB-B44E-D9F2C71601DB}.Debug|x86.ActiveCfg = Debug|Win32
		{46E71CE1-E83A-4EEB-B44E-D9F2C71601DB}.Debug|x86.Build.0 = Debug|Win32
		{46E71CE1-E83A-4EEB-B44E-D9F2C71601DB}.Release|x64.ActiveCfg = Release|x64
		{46E71CE1-E83A-4EEB-B44E-D9F2C71601DB}.Release|x64.Build.0 = Release|x64
		{46E71CE1-E83A-4EEB-B44E-D9F2C71601DB}.Release|x86.ActiveCfg = Release|Win32
		{46E71CE1-E83A-4EEB-B44E-D9F2C71601DB}.Release|x86.Build.0 = Release|Win32
		{F95809DC-E734-4BE5-86BE-3B07AD39E0E4}.Debug|x64.ActiveCfg = Debug|x64
		{F95809DC-E734-4BE5-86BE-3B07AD39E0E4}.Debug|x64.Build.0 = Debug|x64
		{F95809DC-E734-4BE5-86BE-3B07AD39E0E4}.Debug|x86.ActiveCfg = Debug|Win32
		{F95809DC-E734-4BE5-86BE-3B07AD39E0E4}.Debug|x86.Build.0 = Debug|Win32
		{F95809DC-E734-4BE5-86BE-3B07AD39E0E4}.Release|x64.ActiveCfg = Release|x64
		{F95809DC-E734-4BE5-86BE-3B07AD39E0E4}.Release|x64.Build.0 = Release|x64
		{F95809DC-E734-4BE5-86BE-3B07AD39E0E4}.Release|x86.ActiveCfg = Release|Win32
		{F95809DC-E734-4BE5-86BE-3B07AD39E0E4}.Release|x86.Build.0 = Release|Win32
		{D98A07D8-A5D9-42D5-9319-27383F6C1481}.Debug|x64.ActiveCfg = Debug|x64
		{D98A07D8-A5D9-42D5-9319-27383F6C1481}.Debug|x64.Build.0 = Debug|x64
		{D98A07D8-A5D9-42D5-9319-27383F6C1481}.Debug|x86.ActiveCfg = Debug|Win32
		{D98A07D8-A5D9-42D5-9319-27383F6C1481}.Debug|x86.Build.0 = Debug|Win32
		{D98A07D8-A5D9-42D5-9319-27383F6C1481}.Release|x64.ActiveCfg = Release|x64
		{D98A07D8-A5D9-42D5-9319-27383F6C1481}.Release|x64.Build.0 = Release|x64
		{D98A07D8-A5D9-42D5-9319-27383F6C1481}.Release|x86.ActiveCfg = Release|Win32
		{D98A07D8-A5D9-42D5-9319-27383F6C1481}.Release|x86.Build.0 = Release|Win32
		{0F8661D0-E2C0-466E-AB83-7314241D682C}.Debug|x64.ActiveCfg = Debug|x64
		{0F8661D0-E2C0-466E-AB83-7314241D682C}.Debug|x64.Build.0 = Debug|x64
		{0F8661D0-E2C0-466E-AB83-7314241D682C}.Debug|x86.ActiveCfg = Debug|Win32
		{0F8661D0-E2C0-466E-AB83-7314241D682C}.Debug|x86.Build.0 = Debug|Win32
		{0F8661D0-E2C0-466E-AB83-7314241D682C}.Release|x64.ActiveCfg = Release|x64
		{0F8661D0-E2C0-466E-AB83-7314241D682C}.Release|x64.Build.0 = Release|x64
		{0F8661D0-E2C0-466E-AB83-7314241D682C}.Release|x86.ActiveCfg = Release|Win32
		{0F8661D0-E2C0-466E-AB83-7314241D682C}.Release|x86.Build.0 = Release|Win32
		{9D913B93-53C4-44C6-9AA8-C0F89393F236}.Debug|x64.ActiveCfg = Debug|x64
		{9D913B93-53C4-44C6-9AA8-C0F89393F236}.Debug|x64.Build.0 = Debug|x64
		{9D913B93-53C4-44C6-9AA8-C0F89393F236}.Debug|x86.ActiveCfg = Debug|Win32
		{9D913B93-53C4-44C6-9AA8-C0F89393F236}.Debug|x86.Build.0 = Debug|Win32
		{9D913B93-53C4-44C6-9AA8-C0F89393F236}.Release|x64.ActiveCfg = Release|x64
		{9D913B93-53C4-44C6-9AA8-C0F89393F236}.Release|x64.Build.0 = Release|x64
		{9D913B93-53C4-44C6-9AA8-C0F89393F236}.Release|x86.ActiveCfg = Release|Win32
		{9D913B93-53C4-44C6-9AA8-C0F89393F236}.Release|x86.Build.0 = Release|Win32
		{04B04505-D521-4129-8B91-5705EE49F860}.Debug|x64.ActiveCfg = Debug|x64
		{04B04505-D521-4129-8B91-5705EE49F860}.Debug|x64.Build.0 = Debug|x64
		{04B04505-D521-4129-8B91-5705EE49F860}.Debug|x86.ActiveCfg = Debug|Win32
		{04B04505-D521-4129-8B91-5705EE49F860}.Debug|x86.Build.0 = Debug|Win32
		{04B04505-D521-4129-8B91-5705EE49F860}.Release|x64.ActiveCfg = Release|x64
		{04B04505-D521-4129-8B91-5705EE49F860}.Release|x64.Build.0 = Release|x64
		{04B04505-D521-4129-8B91-5705EE49F860}.Release|x86.ActiveCfg = Release|Win32
		{04B04505-D521-4129-8B91-5705EE49F860}.Release|x86.Build.0 = Release|Win32
		{AB7A5F3A-5DBD-4368-A48D-4836AC0F685F}.Debug|x64.ActiveCfg = Debug|x64
		{AB7A5F3A-5DBD-4368-A48D-4836AC0F685F}.Debug|x64.Build.0 = Debug|x64
		{AB7A5F3A-5DBD-4368-A48D-4836AC0F685F}.Debug|x86.ActiveCfg = Debug|Win32
		{AB7A5F3A-5DBD-4368-A48D-4836AC0F685F}.Debug|x86.Build.0 = Debug|Win32
		{AB7A5F3A-5DBD-4368-A48D-4836AC0F685F}.Release|x64.ActiveCfg = Release|x64
		{AB7A5F3A-5DBD-4368-A48D-4836AC0F685F}.Release|x64.Build.0 = Release|x64
		{AB7A5F3A-5DBD-4368-A48D-4836AC0F685F}.Release|x86.ActiveCfg = Release|Win32
		{AB7A5F3A-5DBD-4368-A48D-4836AC0F685F}.Release|x86.Build.0 = Release|Win32
		{E0917316-8406-44D8-A503-509A5B2E5B13}.Debug|x64.ActiveCfg = Debug|x64
		{E0917316-8406-44D8-A503-509A5B2E5B13}.Debug|x64.Build.0 = Debug|x64
		{E0917316-8406-44D8-A503-509A5B2E5B13}.Debug|x86.ActiveCfg = Debug|Win32
		{E0917316-8406-44D8-A503-509A5B2E5B13}.Debug|x86.Build.0 = Debug|Win32
		{E0917316-8406-44D8-A503-509A5B2E5B13}.Release|x64.ActiveCfg = Release|x64
		{E0917316-8406-44D8-A503-509A5B2E5B13}.Release|x64.Build.0 = Release|x64
		{E0917316-8406-44D8-A503-509A5B2E5B13}.Release|x86.ActiveCfg = Release|Win32
		{E0917316-8406-44D8-A503-509A5B2E5B13}.Release|x86.Build.0 = Release|Win32
		{3076E59B-559F-4304-B487-CAD8052E3F9D}.Debug|x64.ActiveCfg = Debug|x64
		{3076E59B-559F-4304-B487-CAD8052E3F9D}.Debug|x64.Build.0 = Debug|x64
		{3076E59B-559F-4304-B487-CAD8052E3F9D}.Debug|x86.ActiveCfg = Debug|Win32
		{3076E59B-559F-4304-B487-CAD8052E3F9D}.Debug|x86.Build.0 = Debug|Win32
		{3076E59B-559F-4304-B487-CAD8052E3F9D}.Release|x64.ActiveCfg = Release|x64
		{3076E59B-559F-4304-B487-CAD8052E3F9D}.Release|x64.Build.0 = Release|x64
		{3076E59B-559F-4304-B487-CAD8052E3F9D}.Release|x86.ActiveCfg = Release|Win32
		{3076E59B-559F-4304-B487-CAD8052E3F9D}.Release|x86.Build.0 = Release|Win32
		{3966336E-4D0C-4954-A035-8AB93505AFF8}.Debug|x64.ActiveCfg = Debug|x64
		{3966336E-4D0C-4954-A035-8AB93505AFF8}.Debug|x64.Build.0 = Debug|x64
		{3966336E-4D0C-4954-A035-8AB93505AFF8}.Debug|x86.ActiveCfg = Debug|Win32
		{3966336E-4D0C-4954-A035-8AB93505AFF8}.Debug|x86.Build.0 = Debug|Win32
		{3966336E-4D0C-4954-A035-8AB93505AFF8}.Release|x64.ActiveCfg = Release|x64
		{3966336E-4D0C-4954-A035-8AB93505AFF8}.Release|x64.Build.0 = Release|x64
		{3966336E-4D0C-4954-A035-8AB93505AFF8}.Release|x86.ActiveCfg = Release|Win32
		{3966336E-4D0C-4954-A035-8AB93505AFF8}.Release|x86.Build.0 = Release|Win32
		{8FA1283D-83D7-4E95-B556-4A694BE9F8BB}.Debug|x64.ActiveCfg = Debug|x64
		{8FA1283D-83D7-4E95-B556-4A694BE9F8BB}.Debug|x64.Build.0 = Debug|x64
		{8FA1283D-83D7-4E95-B556-4A694BE9F8BB}.Debug|x86.ActiveCfg = Debug|Win32
		{8FA1283D-83D7-4E95-B556-4A694BE9F8BB}.Debug|x86.Build.0 = Debug|Win32
		{8FA1283D-83D7-4E95-B556-4A694BE9F8BB}.Release|x64.ActiveCfg = Release|x64
		{8FA1283D-83D7-4E95-B556-4A694BE9F8BB}.Release|x64.Build.0 = Release|x64
		{8FA1283D-83D7-4E95-B556-4A694BE9F8BB}.Release|x86.ActiveCfg = Release|Win32
		{8FA1283D-83D7-4E95-B556-4A694BE9F8BB}.Release|x86.Build.0 = Release|Win32
		{662B362B-780C-4F5E-9BF2-B11DF151DF32}.Debug|x64.ActiveCfg = Debug|x64
		{662B362B-780C-4F5E-9BF2-B11DF151DF32}.Debug|x64.Build.0 = Debug|x64
		{662B362B-780C-4F5E-9BF2-B11DF151DF32}.Debug|x86.ActiveCfg = Debug|Win32
		{662B362B-780C-4F5E-9BF2-B11DF151DF32}.Debug|x86.Build.0 = Debug|Win32
		{662B362B-780C-4F5E-9BF2-B11DF151DF32}.Release|x64.ActiveCfg = Release|x64
		{662B362B-780C-4F5E-9BF2-B11DF151DF32}.Release|x64.Build.0 = Release|x64
		{662B362B-780C-4F5E-9BF2-B11DF151DF32}.Release|x86.ActiveCfg = Release|Win32
		{662B362B-780C-4F5E-9BF2-B11DF151DF32}.Release|x86.Build.0 = Release|Win32
		{C68110DE-501D-4350-BAB9-4221C77A1D98}.Debug|x64.ActiveCfg = Debug|x64
		{C68110DE-501D-4350-BAB9-4221C77A1D98}.Debug|x64.Build.0 = Debug|x64
		{C68110DE-501D-4350-BAB9-4221C77A1D98}.Debug|x86.ActiveCfg = Debug|Win32
		{C68110DE-501D-4350-BAB9-4221C77A1D98}.Debug|x86.Build.0 = Debug|Win32
		{C68110DE-501D-4350-BAB9-4221C77A1D98}.Release|x64.ActiveCfg = Release|x64
		{C68110DE-501D-4350-BAB9-4221C77A1D98}.Release|x64.Build.0 = Release|x64
		{C68110DE-501D-4350-BAB9-4221C77A1D98}.Release|x86.ActiveCfg = Release|Win32
		{C68110DE-501D-4350-BAB9-4221C77A1D98}.Release|x86.Build.0 = Release|Win32
		{1D2B63EE-51D9-48E9-87E9-41E497B357B1}.Debug|x64.ActiveCfg = Debug|x64
		{1D2B63EE-51D9-48E9-87E9-41E497B357B1}.Debug|x64.Build.0 = Debug|x64
		{1D2B63EE-51D9-48E9-87E9-41E497B357B1}.Debug|x86.ActiveCfg = Debug|Win32
		{1D2B63EE-51D9-48E9-87E9-41E497B357B1}.Debug|x86.Build.0 = Debug|Win32
		{1D2B63EE-51D9-48E9-87E9-41E497B357B1}.Release|x64.ActiveCfg = Release|x64
		{1D2B63EE-51D9-48E9-87E9-41E497B357B1}.Release|x64.Build.0 = Release|x64
		{1D2B63EE-51D9-48E9-87E9-41E497B357B1}.Release|x86.ActiveCfg = Release|Win32
		{1D2B63EE-51D9-48E9-87E9-41E497B357B1}.Release|x86.Build.0 = Release|Win32
		{92D80F0F-4197-44D2-926E-B53202D64C9E}.Debug|x64.ActiveCfg = Debug|x64
		{92D80F0F-4197-44D2-926E-B53202D64C9E}.Debug|x64.Build.0 = Debug|x64
		{92D80F0F-4197-44D2-926E-B53202D64C9E}.Debug|x86.ActiveCfg = Debug|Win32
		{92D80F0F-4197-44D2-926E-B53202D64C9E}.Debug|x86.Build.0 = Debug|Win32
		{92D80F0F-4197-44D2-926E-B53202D64C9E}.Release|x64.ActiveCfg = Release|x64
		{92D80F0F-4197-44D2-926E-B53202D64C9E}.Release|x64.Build.0 = Release|x64
		{92D80F0F-4197-44D2-926E-B53202D64C9E}.Release|x86.ActiveCfg = Release|Win32
		{92D80F0F-4197-44D2-926E-B53202D64C9E}.Release|x86.Build.0 = Release|Win32
		{027AFF1B-3480-42CC-BAED-F7FD28413BA0}.Debug|x64.ActiveCfg = Debug|x64
		{027AFF1B-3480-42CC-BAED-F7FD28413BA0}.Debug|x64.Build.0 = Debug|x64
		{027AFF1B-3480-42CC-BAED-F7FD28413BA0}.Debug|x86.ActiveCfg = Debug|Win32
		{027AFF1B-3480-42CC-BAED-F7FD28413BA0}.Debug|x86.Build.0 = Debug|Win32
		{027AFF1B-3480-42CC-BAED-F7FD28413BA0}.Release|x64.ActiveCfg = Release|x64
		{027AFF1B-3480-42CC-BAED-F7FD28413BA0}.Release|x64.Build.0 = Release|x64
		{027AFF1B-3480-42CC-BAED-F7FD28413BA0}.Release|x86.ActiveCfg = Release|Win32
		{027AFF1B-3480-42CC-BAED-F7FD28413BA0}.Release|x86.Build.0 = Release|Win32
		{F4C4CAA5-E326-4D19-82C7-5E16002CFA0E}.Debug|x64.ActiveCfg = Debug|x64
		{F4C4CAA5-E326-4D19-82C7-5E16002CFA0E}.Debug|x64.Build.0 = Debug|x64
		{F4C4CAA5-E326-4D19-82C7-5E16002CFA0E}.Debug|x86.ActiveCfg = Debug|Win32
		{F4C4CAA5-E326-4D19-82C7-5E16002CFA0E}.Debug|x86.Build.0 = Debug|Win32
		{F4C4CAA5-E326-4D19-82C7-5E16002CFA0E}.Release|x64.ActiveCfg = Release|x64
		{F4C4CAA5-E326-4D19-82C7-5E16002CFA0E}.Release|x64.Build.0 = Release|x64
		{F4C4CAA5-E326-4D19-82C7-5E16002CFA0E}.Release|x86.ActiveCfg = Release|Win32
		{F4C4CAA5-E326-4D19-82C7-5E16002CFA0E}.Release|x86.Build.0 = Release|Win32
		{00062506-982F-42C2-ABB1-DDF8DC0AC53B}.Debug|x64.ActiveCfg = Debug|x64
		{00062506-982F-42C2-ABB1-DDF8DC0AC53B}.Debug|x64.Build.0 = Debug|x64
		{00062506-982F-42C2-ABB1-DDF8DC0AC53B}.Debug|x86.ActiveCfg = Debug|Win32
		{00062506-982F-42C2-ABB1-DDF8DC0AC53B}.Debug|x86.Build.0 = Debug|Win32
		{00062506-982F-42C2-ABB1-DDF8DC0AC53B}.Release|x64.ActiveCfg = Release|x64
		{00062506-982F-42C2-ABB1-DDF8DC0AC53B}.Release|x64.Build.0 = Release|x64
		{00062506-982F-42C2-ABB1-DDF8DC0AC53B}.Release|x86.ActiveCfg = Release|Win32
		{00062506-982F-42C2-ABB1-DDF8DC0AC53B}.Release|x86.Build.0 = Release|Win32
		{E672249E-F615-44DB-AECB-22CF29009ED6}.Debug|x64.ActiveCfg = Debug|x64
		{E672249E-F615-44DB-AECB-22CF29009ED6}.Debug|x64.Build.0 = Debug|x64
		{E672249E-F615-44DB-AECB-22CF29009ED6}.Debug|x86.ActiveCfg = Debug|Win32
		{E672249E-F615-44DB-AECB-22CF29009ED6}.Debug|x86.Build.0 = Debug|Win32
		{E672249E-F615-44DB-AECB-22CF29009ED6}.Release|x64.ActiveCfg = Release|x64
		{E672249E-F615-44DB-AECB-22CF29009ED6}.Release|x64.Build.0 = Release|x64
		{E672249E-F615-44DB-AECB-22CF29009ED6}.Release|x86.ActiveCfg = Release|Win32
		{E672249E-F615-44DB-AECB-22CF29009ED6}.Release|x86.Build.0 = Release|Win32
		{C98567A7-1E09-417D-8646-A6A6A8AF3B8B}.Debug|x64.ActiveCfg = Debug|x64
		{C98567A7-1E09-417D-8646-A6A6A8AF3B8B}.Debug|x64.Build.0 = Debug|x64
		{C98567A7-1E09-417D-8646-A6A6A8AF3B8B}.Debug|x86.ActiveCfg = Debug|Win32
		{C98567A7-1E09-417D-8646-A6A6A8AF3B8B}.Debug|x86.Build.0 = Debug|Win32
		{C98567A7-1E09-417D-8646-A6A6A8AF3B8B}.Release|x64.ActiveCfg = Release|x64
		{C98567A7-1E09-417D-8646-A6A6A8AF3B8B}.Release|x64.Build.0 = Release|x64
		{C98567A7-1E09-417D-8646-A6A6A8AF3B8B}.Release|x86.ActiveCfg = Release|Win32
		{C98567A7-1E09-417D-8646-A6A6A8AF3B8B}.Release|x86.Build.0 = Release|Win32
		{18A6AE4F-37F1-4F73-B259-7EC2B3AC81B2}.Debug|x64.ActiveCfg = Debug|x64
		{18A6AE4F-37F1-4F73-B259-7EC2B3AC81B2}.Debug|x64.Build.0 = Debug|x64
		{18A6AE4F-37F1-4F73-B259-7EC2B3AC81B2}.Debug|x86.ActiveCfg = Debug|Win32
		{18A6AE4F-37F1-4F73-B259-7EC2B3AC81B2}.Debug|x86.Build.0 = Debug|Win32
		{18A6AE4F-37F1-4F73-B259-7EC2B3AC81B2}.Release|x64.ActiveCfg = Release|x64
		{18A6AE4F-37F1-4F73-B259-7EC2B3AC81B2}.Release|x64.Build.0 = Release|x64
		{18A6AE4F-37F1-4F73-B259-7EC2B3AC81B2}.Release|x86.ActiveCfg = Release|Win32
		{18A6AE4F-37F1-4F73-B259-7EC2B3AC81B2}.Release|x86.Build.0 = Release|Win32
		{4E0DACCD-5A4B-40B3-A3C3-CB0D0BE36496}.Debug|x64.ActiveCfg = Debug|x64
		{4E0DACCD-5A4B-40B3-A3C3-CB0D0BE36496}.Debug|x64.Build.0 = Debug|x64
		{4E0DACCD-5A4B-40B3-A3C3-CB0D0BE36496}.Debug|x86.ActiveCfg = Debug|Win32
		{4E0DACCD-5A4B-40B3-A3C3-CB0D0BE36496}.Debug|x86.Build.0 = Debug|Win32
		{4E0DACCD-5A4B-40B3-A3C3-CB0D0BE36496}.Release|x64.ActiveCfg = Release|x64
		{4E0DACCD-5A4B-40B3-A3C3-CB0D0BE36496}.Release|x64.Build.0 = Release|x64
		{4E0DACCD-5A4B-40B3-A3C3-CB0D0BE36496}.Release|x86.ActiveCfg = Release|Win32
		{4E0DACCD-5A4B-40B3-A3C3-CB0D0BE36496}.Release|x86.Build.0 = Release|Win32
		{B087CCFD-5C4B-4CEB-A73D-5E5F645495EB}.Debug|x64.ActiveCfg = Debug|x64
		{B087CCFD-5C4B-4CEB-A73D-5E5F645495EB}.Debug|x64.Build.0 = Debug|x64
		{B087CCFD-5C4B-4CEB-A73D-5E5F645495EB}.Debug|x86.ActiveCfg = Debug|Win32
		{B087CCFD-5C4B-4CEB-A73D-5E5F645495EB}.Debug|x86.Build.0 = Debug|Win32
		{B087CCFD-5C4B-4CEB-A73D-5E5F645495EB}.Release|x64.ActiveCfg = Release|x64
		{B087CCFD-5C4B-4CEB-A73D-5E5F645495EB}.Release|x64.Build.0 = Release|x64
		{B087CCFD-5C4B-4CEB-A73D-5E5F645495EB}.Release|x86.ActiveCfg = Release|Win32
		{B087CCFD-5C4B-4CEB-A73D-5E5F645495EB}.Release|x86.Build.0 = Release|Win32
		{E750158E-0DC3-4BA7-9945-00AD1250A7F9}.Debug|x64.ActiveCfg = Debug|x64
		{E750158E-0DC3-4BA7-9945-00AD1250A7F9}.Debug|x64.Build.0 = Debug|x64
		{E750158E-0DC3-4BA7-9945-00AD1250A7F9}.Debug|x86.ActiveCfg = Debug|Win32
		{E750158E-0DC3-4BA7-9945-00AD1250A7F9}.Debug|x86.Build.0 = Debug|Win32
		{E750158E-0DC3-4BA7-9945-00AD1250A7F9}.Release|x64.ActiveCfg = Release|x64
		{E750158E-0DC3-4BA7-9945-00AD1250A7F9}.Release|x64.Build.0 = Release|x64
		{E750158E-0DC3-4BA7-9945-00AD1250A7F9}.Release|x86.ActiveCfg = Release|Win32
		{E750158E-0DC3-4BA7-9945-00AD1250A7F9}.Release|x86.Build.0 = Release|Win32
		{6837477E-A7A6-464A-B71E-9832FD951BDD}.Debug|x64.ActiveCfg = Debug|x64
		{6837477E-A7A6-464A-B71E-9832FD951BDD}.Debug|x64.Build.0 = Debug|x64
		{6837477E-A7A6-464A-B71E-9832FD951BDD}.Debug|x86.ActiveCfg = Debug|Win32
		{6837477E-A7A6-464A-B71E-9832FD951BDD}.Debug|x86.Build.0 = Debug|Win32
		{6837477E-A7A6-464A-B71E-9832FD951BDD}.Release|x64.ActiveCfg = Release|x64
		{6837477E-A7A6-464A-B71E-9832FD951BDD}.Release|x64.Build.0 = Release|x64
		{6837477E-A7A6-464A-B71E-9832FD951BDD}.Release|x86.ActiveCfg = Release|Win32
		{6837477E-A7A6-464A-B71E-9832FD951BDD}.Release|x86.Build.0 = Release|Win32
		{82CB73E9-6DD9-4B47-8A10-94DDE9F42847}.Debug|x64.ActiveCfg = Debug|x64
		{82CB73E9-6DD9-4B47-8A10-94DDE9F42847}.Debug|x64.Build.0 = Debug|x64
		{82CB73E9-6DD9-4B47-8A10-94DDE9F42847}.Debug|x86.ActiveCfg = Debug|Win32
		{82CB73E9-6DD9-4B47-8A10-94DDE9F42847}.Debug|x86.Build.0 = Debug|Win32
		{82CB73E9-6DD9-4B47-8A10-94DDE9F42847}.Release|x64.ActiveCfg = Release|x64
		{82CB73E9-6DD9-4B47-8A10-94DDE9F42847}.Release|x64.Build.0 = Release|x64
		{82CB73E9-6DD9-4B47-8A10-94DDE9F42847}.Release|x86.ActiveCfg = Release|Win32
		{82CB73E9-6DD9-4B47-8A10-94DDE9F42847}.Release|x86.Build.0 = Release|Win32
		{C55F52FE-23AC-49E3-A3A0-E14E7340C2B2}.Debug|x64.ActiveCfg = Debug|x64
		{C55F52FE-23AC-49E3-A3A0-E14E7340C2B2}.Debug|x64.Build.0 = Debug|x64
		{C55F52FE-23AC-49E3-A3A0-E14E7340C2B2}.Debug|x86.ActiveCfg = Debug|Win32
		{C55F52FE-23AC-49E3-A3A0-E14E7340C2B2}.Debug|x86.Build.0 = Debug|Win32
		{C55F52FE-23AC-49E3-A3A0-E14E7340C2B2}.Release|x64.ActiveCfg = Release|x64
		{C55F52FE-23AC-49E3-A3A0-E14E7340C2B2}.Release|x64.Build.0 = Release|x64
		{C55F52FE-23AC-49E3-A3A0-E14E7340C2B2}.Release|x86.ActiveCfg = Release|Win32
		{C55F52FE-23AC-49E3-A3A0-E14E7340C2B2}.Release|x86.Build.0 = Release|Win32
		{D4A45306-D2EA-402F-A41C-D3B7D6F2B9A4}.Debug|x64.ActiveCfg = Debug|x64
		{D4A45306-D2EA-402F-A41C-D3B7D6F2B9A4}.Debug|x64.Build.0 = Debug|x64
		{D4A45306-D2EA-402F-A41C-D3B7D6F2B9A4}.Debug|x86.ActiveCfg = Debug|Win32
		{D4A45306-D2EA-402F-A41C-D3B7D6F2B9A4}.Debug|x86.Build.0 = Debug|Win32
		{D4A45306-D2EA-402F-A41C-D3B7D6F2B9A4}.Release|x64.ActiveCfg = Release|x64
		{D4A45306-D2EA-402F-A41C-D3B7D6F2B9A4}.Release|x64.Build.0 = Release|x64
		{D4A45306-D2EA-402F-A41C-D3B7D6F2B9A4}.Release|x86.ActiveCfg = Release|Win32
		{D4A45306-D2EA-402F-A41C-D3B7D6F2B9A4}.Release|x86.Build.0 = Release|Win32
		{A89508C7-2B2B-485E-93EF-0F459F7DEFE7}.Debug|x64.ActiveCfg = Debug|x64
		{A89508C7-2B2B-485E-93EF-0F459F7DEFE7}.Debug|x64.Build.0 = Debug|x64
		{A89508C7-2B2B-485E-93EF-0F459F7DEFE7}.Debug|x86.ActiveCfg = Debug|Win32
		{A89508C7-2B2B-485E-93EF-0F459F7DEFE7}.Debug|x86.Build.0 = Debug|Win32
		{A89508C7-2B2B-485E-93EF-0F459F7DEFE7}.Release|x64.ActiveCfg = Release|x64
		{A89508C7-2B2B-485E-93EF-0F459F7DEFE7}.Release|x64.Build.0 = Release|x64
		{A89508C7-2B2B-485E-93EF-0F459F7DEFE7}.Release|x86.ActiveCfg = Release|Win32
		{A89508C7-2B2B-485E-93EF-0F459F7DEFE7}.Release|x86.Build.0 = Release|Win32
		{B40BD7E2-8096-44A6-AE63-EEF7305380D9}.Debug|x64.ActiveCfg = Debug|x64
		{B40BD7E2-8096-44A6-AE63-EEF7305380D9}.Debug|x64.Build.0 = Debug|x64
		{B40BD7E2-8096-44A6-AE63-EEF7305380D9}.Debug|x86.ActiveCfg = Debug|Win32
		{B40BD7E2-8096-44A6-AE63-EEF7305380D9}.Debug|x86.Build.0 = Debug|Win32
		{B40BD7E2-8096-44A6-AE63-EEF7305380D9}.Release|x64.ActiveCfg = Release|x64
		{B40BD7E2-8096-44A6-AE63-EEF7305380D9}.Release|x64.Build.0 = Release|x64
		{B40BD7E2-8096-44A6-AE63-EEF7305380D9}.Release|x86.ActiveCfg = Release|Win32
		{B40BD7E2-8096-44A6-AE63-EEF7305380D9}.Release|x86.Build.0 = Release|Win32
		{85B9E4E0-9C6F-46E8-9863-6E20516E4831}.Debug|x64.ActiveCfg = Debug|x64
		{85B9E4E0-9C6F-46E8-9863-6E20516E4831}.Debug|x64.Build.0 = Debug|x64
		{85B9E4E0-9C6F-46E8-9863-6E20516E4831}.Debug|x86.ActiveCfg = Debug|Win32
		{85B9E4E0-9C6F-46E8-9863-6E20516E4831}.Debug|x86.Build.0 = Debug|Win32
		{85B9E4E0-9C6F-46E8-9863-6E20516E4831}.Release|x64.ActiveCfg = Release|x64
		{85B9E4E0-9C6F-46E8-9863-6E20516E4831}.Release|x64.Build.0 = Release|x64
		{85B9E4E0-9C6F-46E8-9863-6E20516E4831}.Release|x86.ActiveCfg = Release|Win32
		{85B9E4E0-9C6F-46E8-9863-6E20516E4831}.Release|x86.Build.0 = Release|Win32
		{45DCB3E7-D9BC-4318-8B73-82F7E95D9D07}.Debug|x64.ActiveCfg = Debug|x64
		{45DCB3E7-D9BC-4318-8B73-82F7E95D9D07}.Debug|x64.Build.0 = Debug|x64
		{45DCB3E7-D9BC-4318-8B73-82F7E95D9D07}.Debug|x86.ActiveCfg = Debug|Win32
		{45DCB3E7-D9BC-4318-8B73-82F7E95D9D07}.Debug|x86.Build.0 = Debug|Win32
		{45DCB3E7-D9BC-4318-8B73-82F7E95D9D07}.Release|x64.ActiveCfg = Release|x64
		{45DCB3E7-D9BC-4318-8B73-82F7E95D9D07}.Release|x64.Build.0 = Release|x64
		{45DCB3E7-D9BC-4318-8B73-82F7E95D9D07}.Release|x86.ActiveCfg = Release|Win32
		{45DCB3E7-D9BC-4318-8B73-82F7E95D9D07}.Release|x86.Build.0 = Release|Win32
		{D8C77B0B-9B2C-4A7C-A3CF-18E4F7F628CB}.Debug|x64.ActiveCfg = Debug|x64
		{D8C77B0B-9B2C-4A7C-A3CF-18E4F7F628CB}.Debug|x64.Build.0 = Debug|x64
		{D8C77B0B-9B2C-4A7C-A3CF-18E4F7F628CB}.Debug|x86.ActiveCfg = Debug|Win32
		{D8C77B0B-9B2C-4A7C-A3CF-18E4F7F628CB}.Debug|x86.Build.0 = Debug|Win32
		{D8C77B0B-9B2C-4A7C-A3CF-18E4F7F628CB}.Release|x64.ActiveCfg = Release|x64
		{D8C77B0B-9B2C-4A7C-A3CF-18E4F7F628CB}.Release|x64.Build.0 = Release|x64
		{D8C77B0B-9B2C-4A7C-A3CF-18E4F7F628CB}.Release|x86.ActiveCfg = Release|Win32
		{D8C77B0B-9B2C-4A7C-A3CF-18E4F7F628CB}.Release|x86.Build.0 = Release|Win32
		{1BBD4B29-EF5F-4289-A0F8-233195372912}.Debug|x64.ActiveCfg = Debug|x64
		{1BBD4B29-EF5F-4289-A0F8-233195372912}.Debug|x64.Build.0 = Debug|x64
		{1BBD4B29-EF5F-4289-A0F8-233195372912}.Debug|x86.ActiveCfg = Debug|Win32
		{1BBD4B29-EF5F-4289-A0F8-233195372912}.Debug|x86.Build.0 = Debug|Win32
		{1BBD4B29-EF5F-4289-A0F8-233195372912}.Release|x64.ActiveCfg = Release|x64
		{1BBD4B29-EF5F-4289-A0F8-233195372912}.Release|x64.Build.0 = Release|x64
		{1BBD4B29-EF5F-4289-A0F8-233195372912}.Release|x86.ActiveCfg = Release|Win32
		{1BBD4B29-EF5F-4289-A0F8-233195372912}.Release|x86.Build.0 = Release|Win32
		{EF128530-CC78-40B5-8DC6-C5CA90ED6FCB}.Debug|x64.ActiveCfg = Debug|x64
		{EF128530-CC78-40B5-8DC6-C5CA90ED6FCB}.Debug|x64.Build.0 = Debug|x64
		{EF128530-CC78-40B5-8DC6-C5CA90ED6FCB}.Debug|x86.ActiveCfg = Debug|Win32
		{EF128530-CC78-40B5-8DC6-C5CA90ED6FCB}.Debug|x86.Build.0 = Debug|Win32
		{EF128530-CC78-40B5-8DC6-C5CA90ED6FCB}.Release|x64.ActiveCfg = Release|x64
		{EF128530-CC78-40B5-8DC6-C5CA90ED6FCB}.Release|x64.Build.0 = Release|x64
		{EF128530-CC78-40B5-8DC6-C5CA90ED6FCB}.Release|x86.ActiveCfg = Release|Win32
		{EF128530-CC78-40B5-8DC6-C5CA90ED6FCB}.Release|x86.Build.0 = Release|Win32
		{044F71C2-188F-46C2-AFD1-3E0B124E8B84}.Debug|x64.ActiveCfg = Debug|x64
		{044F71C2-188F-46C2-AFD1-3E0B124E8B84}.Debug|x64.Build.0 = Debug|x64
		{044F71C2-188F-46C2-AFD1-3E0B124E8B84}.Debug|x86.ActiveCfg = Debug|Win32
		{044F71C2-188F-46C2-AFD1-3E0B124E8B84}.Debug|x86.Build.0 = Debug|Win32
		{044F71C2-188F-46C2-AFD1-3E0B124E8B84}.Release|x64.ActiveCfg = Release|x64
		{044F71C2-188F-46C2-AFD1-3E0B124E8B84}.Release|x64.Build.0 = Release|x64
		{044F71C2-188F-46C2-AFD1-3E0B124E8B84}.Release|x86.ActiveCfg = Release|Win32
		{044F71C2-188F-46C2-AFD1-3E0B124E8B84}.Release|x86.Build.0 = Release|Win32
		{F87727F1-0BB4-485A-A532-F97917557BEB}.Debug|x64.ActiveCfg = Debug|x64
		{F87727F1-0BB4-485A-A532-F97917557BEB}.Debug|x64.Build.0 = Debug|x64
		{F87727F1-0BB4-485A-A532-F97917557BEB}.Debug|x86.ActiveCfg = Debug|Win32
		{F87727F1-0BB4-485A-A532-F97917557BEB}.Debug|x86.Build.0 = Debug|Win32
		{F87727F1-0BB4-485A-A532-F97917557BEB}.Release|x64.ActiveCfg = Release|x64
		{F87727F1-0BB4-485A-A532-F97917557BEB}.Release|x64.Build.0 = Release|x64
		{F87727F1-0BB4-485A-A532-F97917557BEB}.Release|x86.ActiveCfg = Release|Win32
		{F87727F1-0BB4-485A-A532-F97917557BEB}.Release|x86.Build.0 = Release|Win32
		{5CD7AC63-FA8D-4958-AE48-CC572B0E1106}.Debug|x64.ActiveCfg = Debug|x64
		{5CD7AC63-FA8D-4958-AE48-CC572B0E1106}.Debug|x64.Build.0 = Debug|x64
		{5CD7AC63-FA8D-4958-AE48-CC572B0E1106}.Debug|x86.ActiveCfg = Debug|Win32
		{5CD7AC63-FA8D-4958-AE48-CC572B0E1106}.Debug|x86.Build.0 = Debug|Win32
		{5CD7AC63-FA8D-4958-AE48-CC572B0E1106}.Release|x64.ActiveCfg = Release|x64
		{5CD7AC63-FA8D-4958-AE48-CC572B0E1106}.Release|x64.Build.0 = Release|x64
		{5CD7AC63-FA8D-4958-AE48-CC572B0E1106}.Release|x86.ActiveCfg = Release|Win32
		{5CD7AC63-FA8D-4958-AE48-CC572B0E1106}.Release|x86.Build.0 = Release|Win32
		{79E37073-3227-4EC2-9124-B35A5D6D12CE}.Debug|x64.ActiveCfg = Debug|x64
		{79E37073-3227-4EC2-9124-B35A5D6D12CE}.Debug|x64.Build.0 = Debug|x64
		{79E37073-3227-4EC2-9124-B35A5D6D12CE}.Debug|x86.ActiveCfg = Debug|Win32
		{79E37073-3227-4EC2-9124-B35A5D6D12CE}.Debug|x86.Build.0 = Debug|Win32
		{79E37073-3227-4EC2-9124-B35A5D6D12CE}.Release|x64.ActiveCfg = Release|x64
		{79E37073-3227-4EC2-9124-B35A5D6D12CE}.Release|x64.Build.0 = Release|x64
		{79E37073-3227-4EC2-9124-B35A5D6D12CE}.Release|x86.ActiveCfg = Release|Win32
		{79E37073-3227-4EC2-9124-B35A5D6D12CE}.Release|x86.Build.0 = Release|Win32
		{FEFEEF24-AF4A-4C36-9627-2F750BC2CC5D}.Debug|x64.ActiveCfg = Debug|x64
		{FEFEEF24-AF4A-4C36-9627-2F750BC2CC5D}.Debug|x64.Build.0 = Debug|x64
		{FEFEEF24-AF4A-4C36-9627-2F750BC2CC5D}.Debug|x86.ActiveCfg = Debug|Win32
		{FEFEEF24-AF4A-4C36-9627-2F750BC2CC5D}.Debug|x86.Build.0 = Debug|Win32
		{FEFEEF24-AF4A-4C36-9627-2F750BC2CC5D}.Release|x64.ActiveCfg = Release|x64
		{FEFEEF24-AF4A-4C36-9627-2F750BC2CC5D}.Release|x64.Build.0 = Release|x64
		{FEFEEF24-AF4A-4C36-9627-2F750BC2CC5D}.Release|x86.ActiveCfg = Release|Win32
		{FEFEEF24-AF4A-4C36-9627-2F750BC2CC5D}.Release|x86.Build.0 = Release|Win32
		{879867F4-1BDF-4A9A-91E4-60D8064896BB}.Debug|x64.ActiveCfg = Debug|x64
		{879867F4-1BDF-4A9A-91E4-60D8064896BB}.Debug|x64.Build.0 = Debug|x64
		{879867F4-1BDF-4A9A-91E4-60D8064896BB}.Debug|x86.ActiveCfg = Debug|Win32
		{879867F4-1BDF-4A9A-91E4-60D8064896BB}.Debug|x86.Build.0 = Debug|Win32
		{879867F4-1BDF-4A9A-91E4-60D8064896BB}.Release|x64.ActiveCfg = Release|x64
		{879867F4-1BDF-4A9A-91E4-60D8064896BB}.Release|x64.Build.0 = Release|x64
		{879867F4-1BDF-4A9A-91E4-60D8064896BB}.Release|x86.ActiveCfg = Release|Win32
		{879867F4-1BDF-4A9A-91E4-60D8064896BB}.Release|x86.Build.0 = Release|Win32
		{E5BF21B6-D688-4755-9B24-31357043387A}.Debug|x64.ActiveCfg = Debug|x64
		{E5BF21B6-D688-4755-9B24-31357043387A}.Debug|x64.Build.0 = Debug|x64
		{E5BF21B6-D688-4755-9B24-31357043387A}.Debug|x86.ActiveCfg = Debug|Win32
		{E5BF21B6-D688-4755-9B24-31357043387A}.Debug|x86.Build.0 = Debug|Win32
		{E5BF21B6-D688-4755-9B24-31357043387A}.Release|x64.ActiveCfg = Release|x64
		{E5BF21B6-D688-4755-9B24-31357043387A}.Release|x64.Build.0 = Release|x64
		{E5BF21B6-D688-4755-9B24-31357043387A}.Release|x86.ActiveCfg = Release|Win32
		{E5BF21B6-D688-4755-9B24-31357043387A}.Release|x86.Build.0 = Release|Win32
		{6B26D0A4-CDE1-49BF-ABFF-BA24CD169444}.Debug|x64.ActiveCfg = Debug|x64
		{6B26D0A4-CDE1-49BF-ABFF-BA24CD169444}.Debug|x64.Build.0 = Debug|x64
		{6B26D0A4-CDE1-49BF-ABFF-BA24CD169444}.Debug|x86.ActiveCfg = Debug|Win32
		{6B26D0A4-CDE1-49BF-ABFF-BA24CD169444}.Debug|x86.Build.0 = Debug|Win32
		{6B26D0A4-CDE1-49BF-ABFF-BA24CD169444}.Release|x64.ActiveCfg = Release|x64
		{6B26D0A4-CDE1-49BF-ABFF-BA24CD169444}.Release|x64.Build.0 = Release|x64
		{6B26D0A4-CDE1-49BF-ABFF-BA24CD169444}.Release|x86.ActiveCfg = Release|Win32
		{6B26D0A4-CDE1-49BF-ABFF-BA24CD169444}.Release|x86.Build.0 = Release|Win32
		{3D98D778-841E-4B24-A439-B567F6317F55}.Debug|x64.ActiveCfg = Debug|x64
		{3D98D778-841E-4B24-A439-B567F6317F55}.Debug|x64.Build.0 = Debug|x64
		{3D98D778-841E-4B24-A439-B567F6317F55}.Debug|x86.ActiveCfg = Debug|Win32
		{3D98D778-841E-4B24-A439-B567F6317F55}.Debug|x86.Build.0 = Debug|Win32
		{3D98D778-841E-4B24-A439-B567F6317F55}.Release|x64.ActiveCfg = Release|x64
		{3D98D778-841E-4B24-A439-B567F6317F55}.Release|x64.Build.0 = Release|x64
		{3D98D778-841E-4B24-A439-B567F6317F55}.Release|x86.ActiveCfg = Release|Win32
		{3D98D778-841E-4B24-A439-B567F6317F55}.Release|x86.Build.0 = Release|Win32
		{08961AEB-5A49-408F-8D5B-9E8DFB19637D}.Debug|x64.ActiveCfg = Debug|x64
		{08961AEB-5A49-408F-8D5B-9E8DFB19637D}.Debug|x64.Build.0 = Debug|x64
		{08961AEB-5A49-408F-8D5B-9E8DFB19637D}.Debug|x86.ActiveCfg = Debug|Win32
		{08961AEB-5A49-408F-8D5B-9E8DFB19637D}.Debug|x86.Build.0 = Debug|Win32
		{08961AEB-5A49-408F-8D5B-9E8DFB19637D}.Release|x64.ActiveCfg = Release|x64
		{08961AEB-5A49-408F-8D5B-9E8DFB19637D}.Release|x64.Build.0 = Release|x64
		{08961AEB-5A49-408F-8D5B-9E8DFB19637D}.Release|x86.ActiveCfg = Release|Win32
		{08961AEB-5A49-408F-8D5B-9E8DFB19637D}.Release|x86.Build.0 = Release|Win32
	EndGlobalSection
	GlobalSection(SolutionProperties) = preSolution
		HideSolutionNode = FALSE
	EndGlobalSection
	GlobalSection(ExtensibilityGlobals) = postSolution
		SolutionGuid = {27FF0D4E-5D32-43AD-9FC2-234EB6EAD2E4}
	EndGlobalSection
EndGlobal
